{
  "version": 4,
  "terraform_version": "1.12.2",
  "serial": 60,
  "lineage": "f6a67c92-50cc-5ab6-1f5d-87b115ab4773",
  "outputs": {},
  "resources": [
    {
      "mode": "data",
      "type": "aws_ami",
      "name": "amazon_linux",
      "provider": "provider[\"registry.terraform.io/hashicorp/aws\"]",
      "instances": [
        {
          "schema_version": 0,
          "attributes": {
            "allow_unsafe_filter": null,
            "architecture": "x86_64",
            "arn": "arn:aws:ec2:ap-south-1::image/ami-0eb5549427fc55d57",
            "block_device_mappings": [
              {
                "device_name": "/dev/xvda",
                "ebs": {
                  "delete_on_termination": "true",
                  "encrypted": "false",
                  "iops": "0",
                  "snapshot_id": "snap-0964b2d08bee0d222",
                  "throughput": "0",
                  "volume_initialization_rate": "0",
                  "volume_size": "8",
                  "volume_type": "gp2"
                },
                "no_device": "",
                "virtual_name": ""
              }
            ],
            "boot_mode": "",
            "creation_date": "2025-11-08T19:15:06.000Z",
            "deprecation_time": "2026-02-06T00:00:00.000Z",
            "description": "Amazon Linux 2 AMI 2.0.20251110.1 x86_64 HVM gp2",
            "ena_support": true,
            "executable_users": null,
            "filter": [
              {
                "name": "name",
                "values": [
                  "amzn2-ami-hvm-*-x86_64-gp2"
                ]
              },
              {
                "name": "virtualization-type",
                "values": [
                  "hvm"
                ]
              }
            ],
            "hypervisor": "xen",
            "id": "ami-0eb5549427fc55d57",
            "image_id": "ami-0eb5549427fc55d57",
            "image_location": "amazon/amzn2-ami-hvm-2.0.20251110.1-x86_64-gp2",
            "image_owner_alias": "amazon",
            "image_type": "machine",
            "imds_support": "",
            "include_deprecated": false,
            "kernel_id": "",
            "last_launched_time": "",
            "most_recent": true,
            "name": "amzn2-ami-hvm-2.0.20251110.1-x86_64-gp2",
            "name_regex": null,
            "owner_id": "137112412989",
            "owners": [
              "137112412989"
            ],
            "platform": "",
            "platform_details": "Linux/UNIX",
            "product_codes": [],
            "public": true,
            "ramdisk_id": "",
            "region": "ap-south-1",
            "root_device_name": "/dev/xvda",
            "root_device_type": "ebs",
            "root_snapshot_id": "snap-0964b2d08bee0d222",
            "sriov_net_support": "simple",
            "state": "available",
            "state_reason": {
              "code": "UNSET",
              "message": "UNSET"
            },
            "tags": {},
            "timeouts": null,
            "tpm_support": "",
            "uefi_data": null,
            "usage_operation": "RunInstances",
            "virtualization_type": "hvm"
          },
          "sensitive_attributes": [],
          "identity_schema_version": 0
        }
      ]
    },
    {
      "mode": "data",
      "type": "aws_availability_zones",
      "name": "available",
      "provider": "provider[\"registry.terraform.io/hashicorp/aws\"]",
      "instances": [
        {
          "schema_version": 0,
          "attributes": {
            "all_availability_zones": null,
            "exclude_names": null,
            "exclude_zone_ids": null,
            "filter": null,
            "group_names": [
              "ap-south-1-zg-1"
            ],
            "id": "ap-south-1",
            "names": [
              "ap-south-1a",
              "ap-south-1b",
              "ap-south-1c"
            ],
            "region": "ap-south-1",
            "state": "available",
            "timeouts": null,
            "zone_ids": [
              "aps1-az1",
              "aps1-az3",
              "aps1-az2"
            ]
          },
          "sensitive_attributes": [],
          "identity_schema_version": 0
        }
      ]
    },
    {
      "mode": "managed",
      "type": "aws_autoscaling_group",
      "name": "web",
      "provider": "provider[\"registry.terraform.io/hashicorp/aws\"]",
      "instances": [
        {
          "schema_version": 1,
          "attributes": {
            "arn": "arn:aws:autoscaling:ap-south-1:692414550794:autoScalingGroup:7a5e1a9d-e356-48f1-8d30-fa1acb27e4aa:autoScalingGroupName/terraform-project-asg-group-web",
            "availability_zone_distribution": [
              {
                "capacity_distribution_strategy": "balanced-best-effort"
              }
            ],
            "availability_zones": [
              "ap-south-1a",
              "ap-south-1b"
            ],
            "capacity_rebalance": false,
            "capacity_reservation_specification": [
              {
                "capacity_reservation_preference": "default",
                "capacity_reservation_target": []
              }
            ],
            "context": "",
            "default_cooldown": 300,
            "default_instance_warmup": 0,
            "desired_capacity": 2,
            "desired_capacity_type": "",
            "enabled_metrics": [],
            "force_delete": false,
            "force_delete_warm_pool": false,
            "health_check_grace_period": 300,
            "health_check_type": "ELB",
            "id": "terraform-project-asg-group-web",
            "ignore_failed_scaling_activities": false,
            "initial_lifecycle_hook": [],
            "instance_maintenance_policy": [],
            "instance_refresh": [],
            "launch_configuration": "",
            "launch_template": [
              {
                "id": "lt-0c706844f03f7da6e",
                "name": "terraform-project-launch-template20251115113632494000000002",
                "version": "$Latest"
              }
            ],
            "load_balancers": [],
            "max_instance_lifetime": 0,
            "max_size": 3,
            "metrics_granularity": "1Minute",
            "min_elb_capacity": null,
            "min_size": 1,
            "mixed_instances_policy": [],
            "name": "terraform-project-asg-group-web",
            "name_prefix": "",
            "placement_group": "",
            "predicted_capacity": 0,
            "protect_from_scale_in": false,
            "region": "ap-south-1",
            "service_linked_role_arn": "arn:aws:iam::692414550794:role/aws-service-role/autoscaling.amazonaws.com/AWSServiceRoleForAutoScaling",
            "suspended_processes": [],
            "tag": [
              {
                "key": "Name",
                "propagate_at_launch": true,
                "value": "terraform-project-asg-instance"
              }
            ],
            "target_group_arns": [
              "arn:aws:elasticloadbalancing:ap-south-1:692414550794:targetgroup/terraform-project-tg-web/b8afedd43de3fba2"
            ],
            "termination_policies": [],
            "timeouts": null,
            "traffic_source": [
              {
                "identifier": "arn:aws:elasticloadbalancing:ap-south-1:692414550794:targetgroup/terraform-project-tg-web/b8afedd43de3fba2",
                "type": "elbv2"
              }
            ],
            "vpc_zone_identifier": [
              "subnet-075c071245f1c422a",
              "subnet-0ff3daf38bf694519"
            ],
            "wait_for_capacity_timeout": "10m",
            "wait_for_elb_capacity": null,
            "warm_pool": [],
            "warm_pool_size": 0
          },
          "sensitive_attributes": [],
          "identity_schema_version": 0,
          "private": "eyJlMmJmYjczMC1lY2FhLTExZTYtOGY4OC0zNDM2M2JjN2M0YzAiOnsiZGVsZXRlIjo2MDAwMDAwMDAwMDAsInVwZGF0ZSI6NjAwMDAwMDAwMDAwfSwic2NoZW1hX3ZlcnNpb24iOiIxIn0=",
          "dependencies": [
            "aws_key_pair.main",
            "aws_launch_template.web",
            "aws_lb_target_group.web",
            "aws_security_group.alb",
            "aws_security_group.web",
            "aws_subnet.private",
            "aws_vpc.main_vpc",
            "data.aws_ami.amazon_linux",
            "data.aws_availability_zones.available",
            "tls_private_key.web"
          ]
        }
      ]
    },
    {
      "mode": "managed",
      "type": "aws_autoscaling_policy",
      "name": "scale_down",
      "provider": "provider[\"registry.terraform.io/hashicorp/aws\"]",
      "instances": [
        {
          "schema_version": 0,
          "attributes": {
            "adjustment_type": "ChangeInCapacity",
            "arn": "arn:aws:autoscaling:ap-south-1:692414550794:scalingPolicy:5065f158-516b-4610-982b-19800ceec5d7:autoScalingGroupName/terraform-project-asg-group-web:policyName/terraform-project-asg-policy-scale-down",
            "autoscaling_group_name": "terraform-project-asg-group-web",
            "cooldown": 300,
            "enabled": true,
            "estimated_instance_warmup": 0,
            "id": "terraform-project-asg-policy-scale-down",
            "metric_aggregation_type": "",
            "min_adjustment_magnitude": 0,
            "name": "terraform-project-asg-policy-scale-down",
            "policy_type": "SimpleScaling",
            "predictive_scaling_configuration": [],
            "region": "ap-south-1",
            "scaling_adjustment": -1,
            "step_adjustment": [],
            "target_tracking_configuration": []
          },
          "sensitive_attributes": [],
          "identity_schema_version": 0,
          "private": "bnVsbA==",
          "dependencies": [
            "aws_autoscaling_group.web",
            "aws_key_pair.main",
            "aws_launch_template.web",
            "aws_lb_target_group.web",
            "aws_security_group.alb",
            "aws_security_group.web",
            "aws_subnet.private",
            "aws_vpc.main_vpc",
            "data.aws_ami.amazon_linux",
            "data.aws_availability_zones.available",
            "tls_private_key.web"
          ]
        }
      ]
    },
    {
      "mode": "managed",
      "type": "aws_autoscaling_policy",
      "name": "scale_up",
      "provider": "provider[\"registry.terraform.io/hashicorp/aws\"]",
      "instances": [
        {
          "schema_version": 0,
          "attributes": {
            "adjustment_type": "ChangeInCapacity",
            "arn": "arn:aws:autoscaling:ap-south-1:692414550794:scalingPolicy:0d55053a-bf09-4d9e-a87f-27d4743b102b:autoScalingGroupName/terraform-project-asg-group-web:policyName/terraform-project-asg-policy-scale-up",
            "autoscaling_group_name": "terraform-project-asg-group-web",
            "cooldown": 300,
            "enabled": true,
            "estimated_instance_warmup": 0,
            "id": "terraform-project-asg-policy-scale-up",
            "metric_aggregation_type": "",
            "min_adjustment_magnitude": 0,
            "name": "terraform-project-asg-policy-scale-up",
            "policy_type": "SimpleScaling",
            "predictive_scaling_configuration": [],
            "region": "ap-south-1",
            "scaling_adjustment": 1,
            "step_adjustment": [],
            "target_tracking_configuration": []
          },
          "sensitive_attributes": [],
          "identity_schema_version": 0,
          "private": "bnVsbA==",
          "dependencies": [
            "aws_autoscaling_group.web",
            "aws_key_pair.main",
            "aws_launch_template.web",
            "aws_lb_target_group.web",
            "aws_security_group.alb",
            "aws_security_group.web",
            "aws_subnet.private",
            "aws_vpc.main_vpc",
            "data.aws_ami.amazon_linux",
            "data.aws_availability_zones.available",
            "tls_private_key.web"
          ]
        }
      ]
    },
    {
      "mode": "managed",
      "type": "aws_cloudwatch_metric_alarm",
      "name": "cpu_high",
      "provider": "provider[\"registry.terraform.io/hashicorp/aws\"]",
      "instances": [
        {
          "schema_version": 1,
          "attributes": {
            "actions_enabled": true,
            "alarm_actions": [
              "arn:aws:autoscaling:ap-south-1:692414550794:scalingPolicy:0d55053a-bf09-4d9e-a87f-27d4743b102b:autoScalingGroupName/terraform-project-asg-group-web:policyName/terraform-project-asg-policy-scale-up"
            ],
            "alarm_description": "This metric alarm monitors EC2 CPU Utilization",
            "alarm_name": "terraform-project-cpu-high",
            "arn": "arn:aws:cloudwatch:ap-south-1:692414550794:alarm:terraform-project-cpu-high",
            "comparison_operator": "GreaterThanThreshold",
            "datapoints_to_alarm": 0,
            "dimensions": {
              "AutoScalingGroupName": "terraform-project-asg-group-web"
            },
            "evaluate_low_sample_count_percentiles": "",
            "evaluation_periods": 2,
            "extended_statistic": "",
            "id": "terraform-project-cpu-high",
            "insufficient_data_actions": null,
            "metric_name": "CPUUtilization",
            "metric_query": [],
            "namespace": "AWS/EC2",
            "ok_actions": null,
            "period": 120,
            "region": "ap-south-1",
            "statistic": "Average",
            "tags": null,
            "tags_all": {},
            "threshold": 80,
            "threshold_metric_id": "",
            "treat_missing_data": "missing",
            "unit": ""
          },
          "sensitive_attributes": [],
          "identity_schema_version": 0,
          "identity": {
            "account_id": "692414550794",
            "alarm_name": "terraform-project-cpu-high",
            "region": "ap-south-1"
          },
          "private": "eyJzY2hlbWFfdmVyc2lvbiI6IjEifQ==",
          "dependencies": [
            "aws_autoscaling_group.web",
            "aws_autoscaling_policy.scale_up",
            "aws_key_pair.main",
            "aws_launch_template.web",
            "aws_lb_target_group.web",
            "aws_security_group.alb",
            "aws_security_group.web",
            "aws_subnet.private",
            "aws_vpc.main_vpc",
            "data.aws_ami.amazon_linux",
            "data.aws_availability_zones.available",
            "tls_private_key.web"
          ]
        }
      ]
    },
    {
      "mode": "managed",
      "type": "aws_cloudwatch_metric_alarm",
      "name": "cpu_low",
      "provider": "provider[\"registry.terraform.io/hashicorp/aws\"]",
      "instances": [
        {
          "schema_version": 1,
          "attributes": {
            "actions_enabled": true,
            "alarm_actions": [
              "arn:aws:autoscaling:ap-south-1:692414550794:scalingPolicy:5065f158-516b-4610-982b-19800ceec5d7:autoScalingGroupName/terraform-project-asg-group-web:policyName/terraform-project-asg-policy-scale-down"
            ],
            "alarm_description": "This metric monitors EC2 CPU Utilization",
            "alarm_name": "terraform-project-cpu-low",
            "arn": "arn:aws:cloudwatch:ap-south-1:692414550794:alarm:terraform-project-cpu-low",
            "comparison_operator": "LessThanThreshold",
            "datapoints_to_alarm": 0,
            "dimensions": {
              "AutoScalingGroupName": "terraform-project-asg-group-web"
            },
            "evaluate_low_sample_count_percentiles": "",
            "evaluation_periods": 2,
            "extended_statistic": "",
            "id": "terraform-project-cpu-low",
            "insufficient_data_actions": [],
            "metric_name": "CPUUtilization",
            "metric_query": [],
            "namespace": "AWS/EC2",
            "ok_actions": [],
            "period": 120,
            "region": "ap-south-1",
            "statistic": "Average",
            "tags": {},
            "tags_all": {},
            "threshold": 80,
            "threshold_metric_id": "",
            "treat_missing_data": "missing",
            "unit": ""
          },
          "sensitive_attributes": [],
          "identity_schema_version": 0,
          "identity": {
            "account_id": "692414550794",
            "alarm_name": "terraform-project-cpu-low",
            "region": "ap-south-1"
          },
          "private": "eyJzY2hlbWFfdmVyc2lvbiI6IjEifQ==",
          "dependencies": [
            "aws_autoscaling_group.web",
            "aws_autoscaling_policy.scale_down",
            "aws_key_pair.main",
            "aws_launch_template.web",
            "aws_lb_target_group.web",
            "aws_security_group.alb",
            "aws_security_group.web",
            "aws_subnet.private",
            "aws_vpc.main_vpc",
            "data.aws_ami.amazon_linux",
            "data.aws_availability_zones.available",
            "tls_private_key.web"
          ]
        }
      ]
    },
    {
      "mode": "managed",
      "type": "aws_db_instance",
      "name": "main",
      "provider": "provider[\"registry.terraform.io/hashicorp/aws\"]",
      "instances": [
        {
          "schema_version": 2,
          "attributes": {
            "address": "terraform-20251115115340448900000001.czyuwic4mztk.ap-south-1.rds.amazonaws.com",
            "allocated_storage": 10,
            "allow_major_version_upgrade": null,
            "apply_immediately": false,
            "arn": "arn:aws:rds:ap-south-1:692414550794:db:terraform-20251115115340448900000001",
            "auto_minor_version_upgrade": true,
            "availability_zone": "ap-south-1a",
            "backup_retention_period": 7,
            "backup_target": "region",
            "backup_window": "16:50-17:20",
            "blue_green_update": [],
            "ca_cert_identifier": "rds-ca-rsa2048-g1",
            "character_set_name": "",
            "copy_tags_to_snapshot": false,
            "custom_iam_instance_profile": "",
            "customer_owned_ip_enabled": false,
            "database_insights_mode": "standard",
            "db_name": "mysqlwebapp",
            "db_subnet_group_name": "terraform-project-subnet-group",
            "dedicated_log_volume": false,
            "delete_automated_backups": true,
            "deletion_protection": false,
            "domain": "",
            "domain_auth_secret_arn": "",
            "domain_dns_ips": null,
            "domain_fqdn": "",
            "domain_iam_role_name": "",
            "domain_ou": "",
            "enabled_cloudwatch_logs_exports": null,
            "endpoint": "terraform-20251115115340448900000001.czyuwic4mztk.ap-south-1.rds.amazonaws.com:3306",
            "engine": "mysql",
            "engine_lifecycle_support": "open-source-rds-extended-support",
            "engine_version": "8.0",
            "engine_version_actual": "8.0.43",
            "final_snapshot_identifier": null,
            "hosted_zone_id": "Z2VFMSZA74J7XZ",
            "iam_database_authentication_enabled": false,
            "id": "db-V5OTGYUDUS7TZFBCYB7KIW2E6M",
            "identifier": "terraform-20251115115340448900000001",
            "identifier_prefix": "terraform-",
            "instance_class": "db.t3.micro",
            "iops": 0,
            "kms_key_id": "",
            "latest_restorable_time": "2025-11-15T12:05:32Z",
            "license_model": "general-public-license",
            "listener_endpoint": [],
            "maintenance_window": "sat:10:20-sat:10:50",
            "manage_master_user_password": null,
            "master_user_secret": [],
            "master_user_secret_kms_key_id": null,
            "max_allocated_storage": 0,
            "monitoring_interval": 0,
            "monitoring_role_arn": "",
            "multi_az": true,
            "nchar_character_set_name": "",
            "network_type": "IPV4",
            "option_group_name": "default:mysql-8-0",
            "parameter_group_name": "default.mysql8.0",
            "password": "Admin1234",
            "password_wo": null,
            "password_wo_version": null,
            "performance_insights_enabled": false,
            "performance_insights_kms_key_id": "",
            "performance_insights_retention_period": 0,
            "port": 3306,
            "publicly_accessible": false,
            "region": "ap-south-1",
            "replica_mode": "",
            "replicas": [],
            "replicate_source_db": "",
            "resource_id": "db-V5OTGYUDUS7TZFBCYB7KIW2E6M",
            "restore_to_point_in_time": [],
            "s3_import": [],
            "skip_final_snapshot": true,
            "snapshot_identifier": null,
            "status": "available",
            "storage_encrypted": false,
            "storage_throughput": 0,
            "storage_type": "gp2",
            "tags": {
              "Name": "terraform-project-db-instance"
            },
            "tags_all": {
              "Name": "terraform-project-db-instance"
            },
            "timeouts": null,
            "timezone": "",
            "upgrade_storage_config": null,
            "username": "admin",
            "vpc_security_group_ids": [
              "sg-05c308968f76dd51c"
            ]
          },
          "sensitive_attributes": [
            [
              {
                "type": "get_attr",
                "value": "password"
              }
            ],
            [
              {
                "type": "get_attr",
                "value": "password_wo"
              }
            ]
          ],
          "identity_schema_version": 0,
          "private": "eyJlMmJmYjczMC1lY2FhLTExZTYtOGY4OC0zNDM2M2JjN2M0YzAiOnsiY3JlYXRlIjozMDAwMDAwMDAwMDAwLCJkZWxldGUiOjM2MDAwMDAwMDAwMDAsInVwZGF0ZSI6NDgwMDAwMDAwMDAwMH0sInNjaGVtYV92ZXJzaW9uIjoiMiJ9",
          "dependencies": [
            "aws_db_subnet_group.main",
            "aws_security_group.alb",
            "aws_security_group.rds",
            "aws_security_group.web",
            "aws_subnet.private",
            "aws_vpc.main_vpc",
            "data.aws_availability_zones.available"
          ]
        }
      ]
    },
    {
      "mode": "managed",
      "type": "aws_db_subnet_group",
      "name": "main",
      "provider": "provider[\"registry.terraform.io/hashicorp/aws\"]",
      "instances": [
        {
          "schema_version": 0,
          "attributes": {
            "arn": "arn:aws:rds:ap-south-1:692414550794:subgrp:terraform-project-subnet-group",
            "description": "Managed by Terraform",
            "id": "terraform-project-subnet-group",
            "name": "terraform-project-subnet-group",
            "name_prefix": "",
            "region": "ap-south-1",
            "subnet_ids": [
              "subnet-075c071245f1c422a",
              "subnet-0ff3daf38bf694519"
            ],
            "supported_network_types": [
              "IPV4"
            ],
            "tags": {
              "Name": "terraform-project-subnet-group"
            },
            "tags_all": {
              "Name": "terraform-project-subnet-group"
            },
            "vpc_id": "vpc-0808368b7ef59128e"
          },
          "sensitive_attributes": [],
          "identity_schema_version": 0,
          "private": "bnVsbA==",
          "dependencies": [
            "aws_subnet.private",
            "aws_vpc.main_vpc",
            "data.aws_availability_zones.available"
          ]
        }
      ]
    },
    {
      "mode": "managed",
      "type": "aws_eip",
      "name": "nat",
      "provider": "provider[\"registry.terraform.io/hashicorp/aws\"]",
      "instances": [
        {
          "index_key": 0,
          "schema_version": 0,
          "attributes": {
            "address": null,
            "allocation_id": "eipalloc-0796a15f38ce09e61",
            "arn": "arn:aws:ec2:ap-south-1:692414550794:elastic-ip/eipalloc-0796a15f38ce09e61",
            "associate_with_private_ip": null,
            "association_id": "eipassoc-0c4184d4dfa46f348",
            "carrier_ip": "",
            "customer_owned_ip": "",
            "customer_owned_ipv4_pool": "",
            "domain": "vpc",
            "id": "eipalloc-0796a15f38ce09e61",
            "instance": "",
            "ipam_pool_id": null,
            "network_border_group": "ap-south-1",
            "network_interface": "eni-051cd7773b75b0a69",
            "private_dns": "ip-10-0-1-76.ap-south-1.compute.internal",
            "private_ip": "10.0.1.76",
            "ptr_record": "",
            "public_dns": "ec2-13-200-192-116.ap-south-1.compute.amazonaws.com",
            "public_ip": "13.200.192.116",
            "public_ipv4_pool": "amazon",
            "region": "ap-south-1",
            "tags": {
              "Name": "terraform-project-nat-eip-1"
            },
            "tags_all": {
              "Name": "terraform-project-nat-eip-1"
            },
            "timeouts": null
          },
          "sensitive_attributes": [],
          "identity_schema_version": 0,
          "private": "eyJlMmJmYjczMC1lY2FhLTExZTYtOGY4OC0zNDM2M2JjN2M0YzAiOnsiZGVsZXRlIjoxODAwMDAwMDAwMDAsInJlYWQiOjkwMDAwMDAwMDAwMCwidXBkYXRlIjozMDAwMDAwMDAwMDB9fQ=="
        },
        {
          "index_key": 1,
          "schema_version": 0,
          "attributes": {
            "address": null,
            "allocation_id": "eipalloc-051ff5d3bc36c7ace",
            "arn": "arn:aws:ec2:ap-south-1:692414550794:elastic-ip/eipalloc-051ff5d3bc36c7ace",
            "associate_with_private_ip": null,
            "association_id": "eipassoc-0e772e2b27e92a2dd",
            "carrier_ip": "",
            "customer_owned_ip": "",
            "customer_owned_ipv4_pool": "",
            "domain": "vpc",
            "id": "eipalloc-051ff5d3bc36c7ace",
            "instance": "",
            "ipam_pool_id": null,
            "network_border_group": "ap-south-1",
            "network_interface": "eni-0505ff5c32ff31693",
            "private_dns": "ip-10-0-2-125.ap-south-1.compute.internal",
            "private_ip": "10.0.2.125",
            "ptr_record": "",
            "public_dns": "ec2-3-111-78-60.ap-south-1.compute.amazonaws.com",
            "public_ip": "3.111.78.60",
            "public_ipv4_pool": "amazon",
            "region": "ap-south-1",
            "tags": {
              "Name": "terraform-project-nat-eip-2"
            },
            "tags_all": {
              "Name": "terraform-project-nat-eip-2"
            },
            "timeouts": null
          },
          "sensitive_attributes": [],
          "identity_schema_version": 0,
          "private": "eyJlMmJmYjczMC1lY2FhLTExZTYtOGY4OC0zNDM2M2JjN2M0YzAiOnsiZGVsZXRlIjoxODAwMDAwMDAwMDAsInJlYWQiOjkwMDAwMDAwMDAwMCwidXBkYXRlIjozMDAwMDAwMDAwMDB9fQ=="
        }
      ]
    },
    {
      "mode": "managed",
      "type": "aws_iam_instance_profile",
      "name": "ec2_profile",
      "provider": "provider[\"registry.terraform.io/hashicorp/aws\"]",
      "instances": [
        {
          "schema_version": 0,
          "attributes": {
            "arn": "arn:aws:iam::692414550794:instance-profile/terraform-project-instance-profile",
            "create_date": "2025-11-15T11:42:56Z",
            "id": "terraform-project-instance-profile",
            "name": "terraform-project-instance-profile",
            "name_prefix": "",
            "path": "/",
            "role": "terraform-project-ec2-iam-role",
            "tags": {},
            "tags_all": {},
            "unique_id": "AIPA2CNY7SMFKWG4ZB5P3"
          },
          "sensitive_attributes": [],
          "identity_schema_version": 0,
          "private": "bnVsbA==",
          "dependencies": [
            "aws_iam_role.ec2_role"
          ]
        }
      ]
    },
    {
      "mode": "managed",
      "type": "aws_iam_role",
      "name": "ec2_role",
      "provider": "provider[\"registry.terraform.io/hashicorp/aws\"]",
      "instances": [
        {
          "schema_version": 0,
          "attributes": {
            "arn": "arn:aws:iam::692414550794:role/terraform-project-ec2-iam-role",
            "assume_role_policy": "{\"Statement\":[{\"Action\":\"sts:AssumeRole\",\"Effect\":\"Allow\",\"Principal\":{\"Service\":\"ec2.amazonaws.com\"},\"Sid\":\"\"}],\"Version\":\"2012-10-17\"}",
            "create_date": "2025-11-15T11:42:54Z",
            "description": "",
            "force_detach_policies": false,
            "id": "terraform-project-ec2-iam-role",
            "inline_policy": [
              {
                "name": "terraform-project-ec2-role-policy",
                "policy": "{\"Version\":\"2012-10-17\",\"Statement\":[{\"Action\":[\"s3:GetObject\",\"s3:PutObject\",\"logs:CreateLogGroup\",\"logs:CreateLogStream\",\"logs:PutLogEvents\"],\"Effect\":\"Allow\",\"Resource\":\"*\"}]}"
              }
            ],
            "managed_policy_arns": [],
            "max_session_duration": 3600,
            "name": "terraform-project-ec2-iam-role",
            "name_prefix": "",
            "path": "/",
            "permissions_boundary": "",
            "tags": {},
            "tags_all": {},
            "unique_id": "AROA2CNY7SMFBERKW6Y43"
          },
          "sensitive_attributes": [],
          "identity_schema_version": 0,
          "identity": {
            "account_id": "692414550794",
            "name": "terraform-project-ec2-iam-role"
          },
          "private": "bnVsbA=="
        }
      ]
    },
    {
      "mode": "managed",
      "type": "aws_iam_role_policy",
      "name": "ec2_role_policy",
      "provider": "provider[\"registry.terraform.io/hashicorp/aws\"]",
      "instances": [
        {
          "schema_version": 0,
          "attributes": {
            "id": "terraform-project-ec2-iam-role:terraform-project-ec2-role-policy",
            "name": "terraform-project-ec2-role-policy",
            "name_prefix": "",
            "policy": "{\"Version\":\"2012-10-17\",\"Statement\":[{\"Action\":[\"s3:GetObject\",\"s3:PutObject\",\"logs:CreateLogGroup\",\"logs:CreateLogStream\",\"logs:PutLogEvents\"],\"Effect\":\"Allow\",\"Resource\":\"*\"}]}",
            "role": "terraform-project-ec2-iam-role"
          },
          "sensitive_attributes": [],
          "identity_schema_version": 0,
          "identity": {
            "account_id": "692414550794",
            "name": "terraform-project-ec2-role-policy",
            "role": "terraform-project-ec2-iam-role"
          },
          "private": "bnVsbA==",
          "dependencies": [
            "aws_iam_role.ec2_role"
          ]
        }
      ]
    },
    {
      "mode": "managed",
      "type": "aws_internet_gateway",
      "name": "main_igw",
      "provider": "provider[\"registry.terraform.io/hashicorp/aws\"]",
      "instances": [
        {
          "schema_version": 0,
          "attributes": {
            "arn": "arn:aws:ec2:ap-south-1:692414550794:internet-gateway/igw-0dc24a255d28bcf59",
            "id": "igw-0dc24a255d28bcf59",
            "owner_id": "692414550794",
            "region": "ap-south-1",
            "tags": {
              "Name": "terraform-project-igw"
            },
            "tags_all": {
              "Name": "terraform-project-igw"
            },
            "timeouts": null,
            "vpc_id": "vpc-0808368b7ef59128e"
          },
          "sensitive_attributes": [],
          "identity_schema_version": 0,
          "private": "eyJlMmJmYjczMC1lY2FhLTExZTYtOGY4OC0zNDM2M2JjN2M0YzAiOnsiY3JlYXRlIjoxMjAwMDAwMDAwMDAwLCJkZWxldGUiOjEyMDAwMDAwMDAwMDAsInVwZGF0ZSI6MTIwMDAwMDAwMDAwMH19",
          "dependencies": [
            "aws_vpc.main_vpc"
          ]
        }
      ]
    },
    {
      "mode": "managed",
      "type": "aws_key_pair",
      "name": "main",
      "provider": "provider[\"registry.terraform.io/hashicorp/aws\"]",
      "instances": [
        {
          "schema_version": 1,
          "attributes": {
            "arn": "arn:aws:ec2:ap-south-1:692414550794:key-pair/terraform-project-key-pair",
            "fingerprint": "a9:7e:96:47:59:0d:07:24:21:25:9c:af:ae:0d:2b:ea",
            "id": "terraform-project-key-pair",
            "key_name": "terraform-project-key-pair",
            "key_name_prefix": "",
            "key_pair_id": "key-05bad84e9ffd5f8c9",
            "key_type": "rsa",
            "public_key": "ssh-rsa AAAAB3NzaC1yc2EAAAADAQABAAACAQCfKi2TaUEzTuPm7o3L23MinNRo33mQsYvmRDkhUPQZjgj03DSurWQHFv9jDYp8wUKx7r7bHa/GkIEagC2bdL4boeIhs32ta/sdNFYVdHzhmy180Qhu2CG7xLYjdwgQA90W0fXDaTa4IR3W/qwgudKrrDkCM6f1iGGYD352IKJPWOwJw8zck2c3Nt7qoep+M2F8l61urUyzTvZQtIZolGi/iQ66MWCSaOvhQhprK8klPwcl8KqwM/tfrhCdcZcihSm0/ueju35F0NsQIpR5PV4lTmpzx/DPtGb35IYTSmR7EGZgtu0c+GnCl5j1DDskeNwPG9JQMHc2Pmx6Oxrb8Ektp74DSFw0sWJb052BmkTq1vGMnC3jh8SoRF/M/+fSsqkTaLOi8yNWmnVZbzuPgeDrOyKYN6U5sMfapDv0/WZCv05t1/Fv0sb9lfre2EYQJXV9rcIqCAQnl4PoAcqyH4+31F7G2hGt+8jRRtIeIYIuZlG7CfLJKs2ucg0pOoj4BRz9RnWTq0KVGPk0NNHUPgqKbDUKhtHdqGy/UQel5hteq6VfcZocVv91FuB7CQiv7Vr6Ue/WQNt2PKJjrNIcMC755CkyfMy/of515VHcDv4ufcNv4/YfhIOeUOlasRGBS7nrZYTx1KSacJxCmRgeRARphJghIhGpFcMtpd4UZBl1IQ==",
            "region": "ap-south-1",
            "tags": {},
            "tags_all": {}
          },
          "sensitive_attributes": [],
          "identity_schema_version": 0,
          "private": "eyJzY2hlbWFfdmVyc2lvbiI6IjEifQ==",
          "dependencies": [
            "tls_private_key.web"
          ]
        }
      ]
    },
    {
      "mode": "managed",
      "type": "aws_launch_template",
      "name": "web",
      "provider": "provider[\"registry.terraform.io/hashicorp/aws\"]",
      "instances": [
        {
          "schema_version": 1,
          "attributes": {
            "arn": "arn:aws:ec2:ap-south-1:692414550794:launch-template/lt-0c706844f03f7da6e",
            "block_device_mappings": [],
            "capacity_reservation_specification": [],
            "cpu_options": [],
            "credit_specification": [],
            "default_version": 1,
            "description": "",
            "disable_api_stop": false,
            "disable_api_termination": false,
            "ebs_optimized": "",
            "enclave_options": [],
            "hibernation_options": [],
            "iam_instance_profile": [],
            "id": "lt-0c706844f03f7da6e",
            "image_id": "ami-0eb5549427fc55d57",
            "instance_initiated_shutdown_behavior": "",
            "instance_market_options": [],
            "instance_requirements": [],
            "instance_type": "t2.micro",
            "kernel_id": "",
            "key_name": "terraform-project-key-pair",
            "latest_version": 1,
            "license_specification": [],
            "maintenance_options": [],
            "metadata_options": [],
            "monitoring": [],
            "name": "terraform-project-launch-template20251115113632494000000002",
            "name_prefix": "terraform-project-launch-template",
            "network_interfaces": [],
            "placement": [],
            "private_dns_name_options": [],
            "ram_disk_id": "",
            "region": "ap-south-1",
            "security_group_names": [],
            "tag_specifications": [],
            "tags": {},
            "tags_all": {},
            "update_default_version": null,
            "user_data": "",
            "vpc_security_group_ids": [
              "sg-0c900c2d95c62dd34"
            ]
          },
          "sensitive_attributes": [],
          "identity_schema_version": 0,
          "private": "eyJzY2hlbWFfdmVyc2lvbiI6IjEifQ==",
          "dependencies": [
            "aws_key_pair.main",
            "aws_security_group.alb",
            "aws_security_group.web",
            "aws_vpc.main_vpc",
            "data.aws_ami.amazon_linux",
            "tls_private_key.web"
          ]
        }
      ]
    },
    {
      "mode": "managed",
      "type": "aws_lb",
      "name": "main",
      "provider": "provider[\"registry.terraform.io/hashicorp/aws\"]",
      "instances": [
        {
          "schema_version": 0,
          "attributes": {
            "access_logs": [
              {
                "bucket": "",
                "enabled": false,
                "prefix": ""
              }
            ],
            "arn": "arn:aws:elasticloadbalancing:ap-south-1:692414550794:loadbalancer/app/terraform-project-alb/ac191b4b86040a67",
            "arn_suffix": "app/terraform-project-alb/ac191b4b86040a67",
            "client_keep_alive": 3600,
            "connection_logs": [
              {
                "bucket": "",
                "enabled": false,
                "prefix": ""
              }
            ],
            "customer_owned_ipv4_pool": "",
            "desync_mitigation_mode": "defensive",
            "dns_name": "terraform-project-alb-1546660286.ap-south-1.elb.amazonaws.com",
            "dns_record_client_routing_policy": null,
            "drop_invalid_header_fields": false,
            "enable_cross_zone_load_balancing": true,
            "enable_deletion_protection": false,
            "enable_http2": true,
            "enable_tls_version_and_cipher_suite_headers": false,
            "enable_waf_fail_open": false,
            "enable_xff_client_port": false,
            "enable_zonal_shift": false,
            "enforce_security_group_inbound_rules_on_private_link_traffic": "",
            "id": "arn:aws:elasticloadbalancing:ap-south-1:692414550794:loadbalancer/app/terraform-project-alb/ac191b4b86040a67",
            "idle_timeout": 60,
            "internal": false,
            "ip_address_type": "ipv4",
            "ipam_pools": [],
            "load_balancer_type": "application",
            "minimum_load_balancer_capacity": [],
            "name": "terraform-project-alb",
            "name_prefix": "",
            "preserve_host_header": false,
            "region": "ap-south-1",
            "secondary_ips_auto_assigned_per_subnet": null,
            "security_groups": [
              "sg-0bf207c15b54c8b08"
            ],
            "subnet_mapping": [
              {
                "allocation_id": "",
                "ipv6_address": "",
                "outpost_id": "",
                "private_ipv4_address": "",
                "subnet_id": "subnet-005cbae0ef6bf1621"
              },
              {
                "allocation_id": "",
                "ipv6_address": "",
                "outpost_id": "",
                "private_ipv4_address": "",
                "subnet_id": "subnet-09d57a2c3c343ea38"
              }
            ],
            "subnets": [
              "subnet-005cbae0ef6bf1621",
              "subnet-09d57a2c3c343ea38"
            ],
            "tags": {
              "Name": "terraform-project-alb"
            },
            "tags_all": {
              "Name": "terraform-project-alb"
            },
            "timeouts": null,
            "vpc_id": "vpc-0808368b7ef59128e",
            "xff_header_processing_mode": "append",
            "zone_id": "ZP97RAFLXTNZK"
          },
          "sensitive_attributes": [],
          "identity_schema_version": 0,
          "identity": {
            "arn": "arn:aws:elasticloadbalancing:ap-south-1:692414550794:loadbalancer/app/terraform-project-alb/ac191b4b86040a67"
          },
          "private": "eyJlMmJmYjczMC1lY2FhLTExZTYtOGY4OC0zNDM2M2JjN2M0YzAiOnsiY3JlYXRlIjo2MDAwMDAwMDAwMDAsImRlbGV0ZSI6NjAwMDAwMDAwMDAwLCJ1cGRhdGUiOjYwMDAwMDAwMDAwMH19",
          "dependencies": [
            "aws_security_group.alb",
            "aws_subnet.public",
            "aws_vpc.main_vpc",
            "data.aws_availability_zones.available"
          ]
        }
      ]
    },
    {
      "mode": "managed",
      "type": "aws_lb_listener",
      "name": "web",
      "provider": "provider[\"registry.terraform.io/hashicorp/aws\"]",
      "instances": [
        {
          "schema_version": 0,
          "attributes": {
            "alpn_policy": null,
            "arn": "arn:aws:elasticloadbalancing:ap-south-1:692414550794:listener/app/terraform-project-alb/ac191b4b86040a67/05f4cfe9a169bda4",
            "certificate_arn": null,
            "default_action": [
              {
                "authenticate_cognito": [],
                "authenticate_oidc": [],
                "fixed_response": [],
                "forward": [],
                "order": 1,
                "redirect": [],
                "target_group_arn": "arn:aws:elasticloadbalancing:ap-south-1:692414550794:targetgroup/terraform-project-tg-web/b8afedd43de3fba2",
                "type": "forward"
              }
            ],
            "id": "arn:aws:elasticloadbalancing:ap-south-1:692414550794:listener/app/terraform-project-alb/ac191b4b86040a67/05f4cfe9a169bda4",
            "load_balancer_arn": "arn:aws:elasticloadbalancing:ap-south-1:692414550794:loadbalancer/app/terraform-project-alb/ac191b4b86040a67",
            "mutual_authentication": [],
            "port": 80,
            "protocol": "HTTP",
            "region": "ap-south-1",
            "routing_http_request_x_amzn_mtls_clientcert_header_name": null,
            "routing_http_request_x_amzn_mtls_clientcert_issuer_header_name": null,
            "routing_http_request_x_amzn_mtls_clientcert_leaf_header_name": null,
            "routing_http_request_x_amzn_mtls_clientcert_serial_number_header_name": null,
            "routing_http_request_x_amzn_mtls_clientcert_subject_header_name": null,
            "routing_http_request_x_amzn_mtls_clientcert_validity_header_name": null,
            "routing_http_request_x_amzn_tls_cipher_suite_header_name": null,
            "routing_http_request_x_amzn_tls_version_header_name": null,
            "routing_http_response_access_control_allow_credentials_header_value": "",
            "routing_http_response_access_control_allow_headers_header_value": "",
            "routing_http_response_access_control_allow_methods_header_value": "",
            "routing_http_response_access_control_allow_origin_header_value": "",
            "routing_http_response_access_control_expose_headers_header_value": "",
            "routing_http_response_access_control_max_age_header_value": "",
            "routing_http_response_content_security_policy_header_value": "",
            "routing_http_response_server_enabled": true,
            "routing_http_response_strict_transport_security_header_value": "",
            "routing_http_response_x_content_type_options_header_value": "",
            "routing_http_response_x_frame_options_header_value": "",
            "ssl_policy": "",
            "tags": {},
            "tags_all": {},
            "tcp_idle_timeout_seconds": null,
            "timeouts": null
          },
          "sensitive_attributes": [],
          "identity_schema_version": 0,
          "identity": {
            "arn": "arn:aws:elasticloadbalancing:ap-south-1:692414550794:listener/app/terraform-project-alb/ac191b4b86040a67/05f4cfe9a169bda4"
          },
          "private": "eyJlMmJmYjczMC1lY2FhLTExZTYtOGY4OC0zNDM2M2JjN2M0YzAiOnsiY3JlYXRlIjozMDAwMDAwMDAwMDAsInVwZGF0ZSI6MzAwMDAwMDAwMDAwfX0=",
          "dependencies": [
            "aws_lb.main",
            "aws_lb_target_group.web",
            "aws_security_group.alb",
            "aws_subnet.public",
            "aws_vpc.main_vpc",
            "data.aws_availability_zones.available"
          ]
        }
      ]
    },
    {
      "mode": "managed",
      "type": "aws_lb_target_group",
      "name": "web",
      "provider": "provider[\"registry.terraform.io/hashicorp/aws\"]",
      "instances": [
        {
          "schema_version": 0,
          "attributes": {
            "arn": "arn:aws:elasticloadbalancing:ap-south-1:692414550794:targetgroup/terraform-project-tg-web/b8afedd43de3fba2",
            "arn_suffix": "targetgroup/terraform-project-tg-web/b8afedd43de3fba2",
            "connection_termination": null,
            "deregistration_delay": "300",
            "health_check": [
              {
                "enabled": true,
                "healthy_threshold": 2,
                "interval": 30,
                "matcher": "200",
                "path": "/",
                "port": "traffic-port",
                "protocol": "HTTP",
                "timeout": 5,
                "unhealthy_threshold": 2
              }
            ],
            "id": "arn:aws:elasticloadbalancing:ap-south-1:692414550794:targetgroup/terraform-project-tg-web/b8afedd43de3fba2",
            "ip_address_type": "ipv4",
            "lambda_multi_value_headers_enabled": false,
            "load_balancer_arns": [
              "arn:aws:elasticloadbalancing:ap-south-1:692414550794:loadbalancer/app/terraform-project-alb/ac191b4b86040a67"
            ],
            "load_balancing_algorithm_type": "round_robin",
            "load_balancing_anomaly_mitigation": "off",
            "load_balancing_cross_zone_enabled": "use_load_balancer_configuration",
            "name": "terraform-project-tg-web",
            "name_prefix": "",
            "port": 80,
            "preserve_client_ip": null,
            "protocol": "HTTP",
            "protocol_version": "HTTP1",
            "proxy_protocol_v2": false,
            "region": "ap-south-1",
            "slow_start": 0,
            "stickiness": [
              {
                "cookie_duration": 86400,
                "cookie_name": "",
                "enabled": false,
                "type": "lb_cookie"
              }
            ],
            "tags": {
              "Name": "terraform-project-tg-web"
            },
            "tags_all": {
              "Name": "terraform-project-tg-web"
            },
            "target_failover": [
              {
                "on_deregistration": null,
                "on_unhealthy": null
              }
            ],
            "target_group_health": [
              {
                "dns_failover": [
                  {
                    "minimum_healthy_targets_count": "1",
                    "minimum_healthy_targets_percentage": "off"
                  }
                ],
                "unhealthy_state_routing": [
                  {
                    "minimum_healthy_targets_count": 1,
                    "minimum_healthy_targets_percentage": "off"
                  }
                ]
              }
            ],
            "target_health_state": [
              {
                "enable_unhealthy_connection_termination": null,
                "unhealthy_draining_interval": null
              }
            ],
            "target_type": "instance",
            "vpc_id": "vpc-0808368b7ef59128e"
          },
          "sensitive_attributes": [],
          "identity_schema_version": 0,
          "identity": {
            "arn": "arn:aws:elasticloadbalancing:ap-south-1:692414550794:targetgroup/terraform-project-tg-web/b8afedd43de3fba2"
          },
          "private": "bnVsbA==",
          "dependencies": [
            "aws_vpc.main_vpc"
          ]
        }
      ]
    },
    {
      "mode": "managed",
      "type": "aws_nat_gateway",
      "name": "main_nat",
      "provider": "provider[\"registry.terraform.io/hashicorp/aws\"]",
      "instances": [
        {
          "index_key": 0,
          "schema_version": 0,
          "attributes": {
            "allocation_id": "eipalloc-0796a15f38ce09e61",
            "association_id": "eipassoc-0c4184d4dfa46f348",
            "connectivity_type": "public",
            "id": "nat-0822b3113bf214e5d",
            "network_interface_id": "eni-051cd7773b75b0a69",
            "private_ip": "10.0.1.76",
            "public_ip": "13.200.192.116",
            "region": "ap-south-1",
            "secondary_allocation_ids": [],
            "secondary_private_ip_address_count": 0,
            "secondary_private_ip_addresses": [],
            "subnet_id": "subnet-09d57a2c3c343ea38",
            "tags": {
              "Name": "terraform-project-nat-gw-1"
            },
            "tags_all": {
              "Name": "terraform-project-nat-gw-1"
            },
            "timeouts": null
          },
          "sensitive_attributes": [],
          "identity_schema_version": 0,
          "private": "eyJlMmJmYjczMC1lY2FhLTExZTYtOGY4OC0zNDM2M2JjN2M0YzAiOnsiY3JlYXRlIjo2MDAwMDAwMDAwMDAsImRlbGV0ZSI6MTgwMDAwMDAwMDAwMCwidXBkYXRlIjo2MDAwMDAwMDAwMDB9fQ==",
          "dependencies": [
            "aws_eip.nat",
            "aws_subnet.public",
            "aws_vpc.main_vpc",
            "data.aws_availability_zones.available"
          ]
        },
        {
          "index_key": 1,
          "schema_version": 0,
          "attributes": {
            "allocation_id": "eipalloc-051ff5d3bc36c7ace",
            "association_id": "eipassoc-0e772e2b27e92a2dd",
            "connectivity_type": "public",
            "id": "nat-0030103833f4598b2",
            "network_interface_id": "eni-0505ff5c32ff31693",
            "private_ip": "10.0.2.125",
            "public_ip": "3.111.78.60",
            "region": "ap-south-1",
            "secondary_allocation_ids": [],
            "secondary_private_ip_address_count": 0,
            "secondary_private_ip_addresses": [],
            "subnet_id": "subnet-005cbae0ef6bf1621",
            "tags": {
              "Name": "terraform-project-nat-gw-2"
            },
            "tags_all": {
              "Name": "terraform-project-nat-gw-2"
            },
            "timeouts": null
          },
          "sensitive_attributes": [],
          "identity_schema_version": 0,
          "private": "eyJlMmJmYjczMC1lY2FhLTExZTYtOGY4OC0zNDM2M2JjN2M0YzAiOnsiY3JlYXRlIjo2MDAwMDAwMDAwMDAsImRlbGV0ZSI6MTgwMDAwMDAwMDAwMCwidXBkYXRlIjo2MDAwMDAwMDAwMDB9fQ==",
          "dependencies": [
            "aws_eip.nat",
            "aws_subnet.public",
            "aws_vpc.main_vpc",
            "data.aws_availability_zones.available"
          ]
        }
      ]
    },
    {
      "mode": "managed",
      "type": "aws_route_table",
      "name": "private_rtb",
      "provider": "provider[\"registry.terraform.io/hashicorp/aws\"]",
      "instances": [
        {
          "index_key": 0,
          "schema_version": 0,
          "attributes": {
            "arn": "arn:aws:ec2:ap-south-1:692414550794:route-table/rtb-001750d701138002a",
            "id": "rtb-001750d701138002a",
            "owner_id": "692414550794",
            "propagating_vgws": [],
            "region": "ap-south-1",
            "route": [
              {
                "carrier_gateway_id": "",
                "cidr_block": "0.0.0.0/0",
                "core_network_arn": "",
                "destination_prefix_list_id": "",
                "egress_only_gateway_id": "",
                "gateway_id": "nat-0822b3113bf214e5d",
                "ipv6_cidr_block": "",
                "local_gateway_id": "",
                "nat_gateway_id": "",
                "network_interface_id": "",
                "transit_gateway_id": "",
                "vpc_endpoint_id": "",
                "vpc_peering_connection_id": ""
              }
            ],
            "tags": {
              "Name": "terraform-project-private-rtb-1"
            },
            "tags_all": {
              "Name": "terraform-project-private-rtb-1"
            },
            "timeouts": null,
            "vpc_id": "vpc-0808368b7ef59128e"
          },
          "sensitive_attributes": [],
          "identity_schema_version": 0,
          "identity": {
            "account_id": "692414550794",
            "id": "rtb-001750d701138002a",
            "region": "ap-south-1"
          },
          "private": "eyJlMmJmYjczMC1lY2FhLTExZTYtOGY4OC0zNDM2M2JjN2M0YzAiOnsiY3JlYXRlIjozMDAwMDAwMDAwMDAsImRlbGV0ZSI6MzAwMDAwMDAwMDAwLCJ1cGRhdGUiOjEyMDAwMDAwMDAwMH19",
          "dependencies": [
            "aws_eip.nat",
            "aws_nat_gateway.main_nat",
            "aws_subnet.public",
            "aws_vpc.main_vpc",
            "data.aws_availability_zones.available"
          ]
        },
        {
          "index_key": 1,
          "schema_version": 0,
          "attributes": {
            "arn": "arn:aws:ec2:ap-south-1:692414550794:route-table/rtb-0cc9b11910f993980",
            "id": "rtb-0cc9b11910f993980",
            "owner_id": "692414550794",
            "propagating_vgws": [],
            "region": "ap-south-1",
            "route": [
              {
                "carrier_gateway_id": "",
                "cidr_block": "0.0.0.0/0",
                "core_network_arn": "",
                "destination_prefix_list_id": "",
                "egress_only_gateway_id": "",
                "gateway_id": "nat-0030103833f4598b2",
                "ipv6_cidr_block": "",
                "local_gateway_id": "",
                "nat_gateway_id": "",
                "network_interface_id": "",
                "transit_gateway_id": "",
                "vpc_endpoint_id": "",
                "vpc_peering_connection_id": ""
              }
            ],
            "tags": {
              "Name": "terraform-project-private-rtb-2"
            },
            "tags_all": {
              "Name": "terraform-project-private-rtb-2"
            },
            "timeouts": null,
            "vpc_id": "vpc-0808368b7ef59128e"
          },
          "sensitive_attributes": [],
          "identity_schema_version": 0,
          "identity": {
            "account_id": "692414550794",
            "id": "rtb-0cc9b11910f993980",
            "region": "ap-south-1"
          },
          "private": "eyJlMmJmYjczMC1lY2FhLTExZTYtOGY4OC0zNDM2M2JjN2M0YzAiOnsiY3JlYXRlIjozMDAwMDAwMDAwMDAsImRlbGV0ZSI6MzAwMDAwMDAwMDAwLCJ1cGRhdGUiOjEyMDAwMDAwMDAwMH19",
          "dependencies": [
            "aws_eip.nat",
            "aws_nat_gateway.main_nat",
            "aws_subnet.public",
            "aws_vpc.main_vpc",
            "data.aws_availability_zones.available"
          ]
        }
      ]
    },
    {
      "mode": "managed",
      "type": "aws_route_table",
      "name": "public_rtb",
      "provider": "provider[\"registry.terraform.io/hashicorp/aws\"]",
      "instances": [
        {
          "schema_version": 0,
          "attributes": {
            "arn": "arn:aws:ec2:ap-south-1:692414550794:route-table/rtb-059c8e83a8c548e49",
            "id": "rtb-059c8e83a8c548e49",
            "owner_id": "692414550794",
            "propagating_vgws": [],
            "region": "ap-south-1",
            "route": [
              {
                "carrier_gateway_id": "",
                "cidr_block": "0.0.0.0/0",
                "core_network_arn": "",
                "destination_prefix_list_id": "",
                "egress_only_gateway_id": "",
                "gateway_id": "igw-0dc24a255d28bcf59",
                "ipv6_cidr_block": "",
                "local_gateway_id": "",
                "nat_gateway_id": "",
                "network_interface_id": "",
                "transit_gateway_id": "",
                "vpc_endpoint_id": "",
                "vpc_peering_connection_id": ""
              }
            ],
            "tags": {
              "Name": "terraform-project-public-rtb"
            },
            "tags_all": {
              "Name": "terraform-project-public-rtb"
            },
            "timeouts": null,
            "vpc_id": "vpc-0808368b7ef59128e"
          },
          "sensitive_attributes": [],
          "identity_schema_version": 0,
          "identity": {
            "account_id": "692414550794",
            "id": "rtb-059c8e83a8c548e49",
            "region": "ap-south-1"
          },
          "private": "eyJlMmJmYjczMC1lY2FhLTExZTYtOGY4OC0zNDM2M2JjN2M0YzAiOnsiY3JlYXRlIjozMDAwMDAwMDAwMDAsImRlbGV0ZSI6MzAwMDAwMDAwMDAwLCJ1cGRhdGUiOjEyMDAwMDAwMDAwMH19",
          "dependencies": [
            "aws_internet_gateway.main_igw",
            "aws_vpc.main_vpc"
          ]
        }
      ]
    },
    {
      "mode": "managed",
      "type": "aws_route_table_association",
      "name": "private_rtb_association",
      "provider": "provider[\"registry.terraform.io/hashicorp/aws\"]",
      "instances": [
        {
          "index_key": 0,
          "schema_version": 0,
          "attributes": {
            "gateway_id": "",
            "id": "rtbassoc-0fe1fccb22bb9a231",
            "region": "ap-south-1",
            "route_table_id": "rtb-001750d701138002a",
            "subnet_id": "subnet-075c071245f1c422a",
            "timeouts": null
          },
          "sensitive_attributes": [],
          "identity_schema_version": 0,
          "private": "eyJlMmJmYjczMC1lY2FhLTExZTYtOGY4OC0zNDM2M2JjN2M0YzAiOnsiY3JlYXRlIjozMDAwMDAwMDAwMDAsImRlbGV0ZSI6MzAwMDAwMDAwMDAwLCJ1cGRhdGUiOjEyMDAwMDAwMDAwMH19",
          "dependencies": [
            "aws_eip.nat",
            "aws_nat_gateway.main_nat",
            "aws_route_table.private_rtb",
            "aws_subnet.private",
            "aws_subnet.public",
            "aws_vpc.main_vpc",
            "data.aws_availability_zones.available"
          ]
        },
        {
          "index_key": 1,
          "schema_version": 0,
          "attributes": {
            "gateway_id": "",
            "id": "rtbassoc-0dbd1b603d404df68",
            "region": "ap-south-1",
            "route_table_id": "rtb-0cc9b11910f993980",
            "subnet_id": "subnet-0ff3daf38bf694519",
            "timeouts": null
          },
          "sensitive_attributes": [],
          "identity_schema_version": 0,
          "private": "eyJlMmJmYjczMC1lY2FhLTExZTYtOGY4OC0zNDM2M2JjN2M0YzAiOnsiY3JlYXRlIjozMDAwMDAwMDAwMDAsImRlbGV0ZSI6MzAwMDAwMDAwMDAwLCJ1cGRhdGUiOjEyMDAwMDAwMDAwMH19",
          "dependencies": [
            "aws_eip.nat",
            "aws_nat_gateway.main_nat",
            "aws_route_table.private_rtb",
            "aws_subnet.private",
            "aws_subnet.public",
            "aws_vpc.main_vpc",
            "data.aws_availability_zones.available"
          ]
        }
      ]
    },
    {
      "mode": "managed",
      "type": "aws_route_table_association",
      "name": "public_rtb_association",
      "provider": "provider[\"registry.terraform.io/hashicorp/aws\"]",
      "instances": [
        {
          "index_key": 0,
          "schema_version": 0,
          "attributes": {
            "gateway_id": "",
            "id": "rtbassoc-06441ea712a834bd4",
            "region": "ap-south-1",
            "route_table_id": "rtb-059c8e83a8c548e49",
            "subnet_id": "subnet-09d57a2c3c343ea38",
            "timeouts": null
          },
          "sensitive_attributes": [],
          "identity_schema_version": 0,
          "private": "eyJlMmJmYjczMC1lY2FhLTExZTYtOGY4OC0zNDM2M2JjN2M0YzAiOnsiY3JlYXRlIjozMDAwMDAwMDAwMDAsImRlbGV0ZSI6MzAwMDAwMDAwMDAwLCJ1cGRhdGUiOjEyMDAwMDAwMDAwMH19",
          "dependencies": [
            "aws_internet_gateway.main_igw",
            "aws_route_table.public_rtb",
            "aws_subnet.public",
            "aws_vpc.main_vpc",
            "data.aws_availability_zones.available"
          ]
        },
        {
          "index_key": 1,
          "schema_version": 0,
          "attributes": {
            "gateway_id": "",
            "id": "rtbassoc-06bebe8aef052ff68",
            "region": "ap-south-1",
            "route_table_id": "rtb-059c8e83a8c548e49",
            "subnet_id": "subnet-005cbae0ef6bf1621",
            "timeouts": null
          },
          "sensitive_attributes": [],
          "identity_schema_version": 0,
          "private": "eyJlMmJmYjczMC1lY2FhLTExZTYtOGY4OC0zNDM2M2JjN2M0YzAiOnsiY3JlYXRlIjozMDAwMDAwMDAwMDAsImRlbGV0ZSI6MzAwMDAwMDAwMDAwLCJ1cGRhdGUiOjEyMDAwMDAwMDAwMH19",
          "dependencies": [
            "aws_internet_gateway.main_igw",
            "aws_route_table.public_rtb",
            "aws_subnet.public",
            "aws_vpc.main_vpc",
            "data.aws_availability_zones.available"
          ]
        }
      ]
    },
    {
      "mode": "managed",
      "type": "aws_s3_bucket",
      "name": "logs",
      "provider": "provider[\"registry.terraform.io/hashicorp/aws\"]",
      "instances": [
        {
          "schema_version": 0,
          "attributes": {
            "acceleration_status": "",
            "acl": null,
            "arn": "arn:aws:s3:::terraform-project-logs-bucket-30f59681",
            "bucket": "terraform-project-logs-bucket-30f59681",
            "bucket_domain_name": "terraform-project-logs-bucket-30f59681.s3.amazonaws.com",
            "bucket_prefix": "",
            "bucket_region": "ap-south-1",
            "bucket_regional_domain_name": "terraform-project-logs-bucket-30f59681.s3.ap-south-1.amazonaws.com",
            "cors_rule": [],
            "force_destroy": false,
            "grant": [
              {
                "id": "7a42f35a6efd7df8c87960aa301133b7f5fd1c5ceb634a756971b08dd89ac54b",
                "permissions": [
                  "FULL_CONTROL"
                ],
                "type": "CanonicalUser",
                "uri": ""
              }
            ],
            "hosted_zone_id": "Z11RGJOFQNVJUP",
            "id": "terraform-project-logs-bucket-30f59681",
            "lifecycle_rule": [],
            "logging": [],
            "object_lock_configuration": [],
            "object_lock_enabled": false,
            "policy": "",
            "region": "ap-south-1",
            "replication_configuration": [],
            "request_payer": "BucketOwner",
            "server_side_encryption_configuration": [
              {
                "rule": [
                  {
                    "apply_server_side_encryption_by_default": [
                      {
                        "kms_master_key_id": "",
                        "sse_algorithm": "AES256"
                      }
                    ],
                    "bucket_key_enabled": false
                  }
                ]
              }
            ],
            "tags": {
              "Name": "terraform-project-logs"
            },
            "tags_all": {
              "Name": "terraform-project-logs"
            },
            "timeouts": null,
            "versioning": [
              {
                "enabled": true,
                "mfa_delete": false
              }
            ],
            "website": [],
            "website_domain": null,
            "website_endpoint": null
          },
          "sensitive_attributes": [],
          "identity_schema_version": 0,
          "identity": {
            "account_id": "692414550794",
            "bucket": "terraform-project-logs-bucket-30f59681",
            "region": "ap-south-1"
          },
          "private": "eyJlMmJmYjczMC1lY2FhLTExZTYtOGY4OC0zNDM2M2JjN2M0YzAiOnsiY3JlYXRlIjoxMjAwMDAwMDAwMDAwLCJkZWxldGUiOjM2MDAwMDAwMDAwMDAsInJlYWQiOjEyMDAwMDAwMDAwMDAsInVwZGF0ZSI6MTIwMDAwMDAwMDAwMH19",
          "dependencies": [
            "random_id.bucket_suffix"
          ]
        }
      ]
    },
    {
      "mode": "managed",
      "type": "aws_s3_bucket_server_side_encryption_configuration",
      "name": "aws_s3_bucket_server_side_encryption_configuration",
      "provider": "provider[\"registry.terraform.io/hashicorp/aws\"]",
      "instances": [
        {
          "schema_version": 0,
          "attributes": {
            "bucket": "terraform-project-logs-bucket-30f59681",
            "expected_bucket_owner": "",
            "id": "terraform-project-logs-bucket-30f59681",
            "region": "ap-south-1",
            "rule": [
              {
                "apply_server_side_encryption_by_default": [
                  {
                    "kms_master_key_id": "",
                    "sse_algorithm": "AES256"
                  }
                ],
                "bucket_key_enabled": false
              }
            ]
          },
          "sensitive_attributes": [],
          "identity_schema_version": 0,
          "identity": {
            "account_id": "692414550794",
            "bucket": "terraform-project-logs-bucket-30f59681",
            "expected_bucket_owner": null,
            "region": "ap-south-1"
          },
          "private": "bnVsbA==",
          "dependencies": [
            "aws_s3_bucket.logs",
            "random_id.bucket_suffix"
          ]
        }
      ]
    },
    {
      "mode": "managed",
      "type": "aws_s3_bucket_versioning",
      "name": "bucket_versioning",
      "provider": "provider[\"registry.terraform.io/hashicorp/aws\"]",
      "instances": [
        {
          "schema_version": 0,
          "attributes": {
            "bucket": "terraform-project-logs-bucket-30f59681",
            "expected_bucket_owner": "",
            "id": "terraform-project-logs-bucket-30f59681",
            "mfa": null,
            "region": "ap-south-1",
            "versioning_configuration": [
              {
                "mfa_delete": "",
                "status": "Enabled"
              }
            ]
          },
          "sensitive_attributes": [],
          "identity_schema_version": 0,
          "identity": {
            "account_id": "692414550794",
            "bucket": "terraform-project-logs-bucket-30f59681",
            "expected_bucket_owner": null,
            "region": "ap-south-1"
          },
          "private": "bnVsbA==",
          "dependencies": [
            "aws_s3_bucket.logs",
            "random_id.bucket_suffix"
          ]
        }
      ]
    },
    {
      "mode": "managed",
      "type": "aws_security_group",
      "name": "alb",
      "provider": "provider[\"registry.terraform.io/hashicorp/aws\"]",
      "instances": [
        {
          "schema_version": 1,
          "attributes": {
            "arn": "arn:aws:ec2:ap-south-1:692414550794:security-group/sg-0bf207c15b54c8b08",
            "description": "Managed by Terraform",
            "egress": [
              {
                "cidr_blocks": [
                  "0.0.0.0/0"
                ],
                "description": "",
                "from_port": 0,
                "ipv6_cidr_blocks": [],
                "prefix_list_ids": [],
                "protocol": "-1",
                "security_groups": [],
                "self": false,
                "to_port": 0
              }
            ],
            "id": "sg-0bf207c15b54c8b08",
            "ingress": [
              {
                "cidr_blocks": [
                  "0.0.0.0/0"
                ],
                "description": "",
                "from_port": 443,
                "ipv6_cidr_blocks": [],
                "prefix_list_ids": [],
                "protocol": "tcp",
                "security_groups": [],
                "self": false,
                "to_port": 443
              },
              {
                "cidr_blocks": [
                  "0.0.0.0/0"
                ],
                "description": "",
                "from_port": 80,
                "ipv6_cidr_blocks": [],
                "prefix_list_ids": [],
                "protocol": "tcp",
                "security_groups": [],
                "self": false,
                "to_port": 80
              }
            ],
            "name": "terraform-project-alb-sg",
            "name_prefix": "",
            "owner_id": "692414550794",
            "region": "ap-south-1",
            "revoke_rules_on_delete": false,
            "tags": {
              "Name": "terraform-project-alb-sg"
            },
            "tags_all": {
              "Name": "terraform-project-alb-sg"
            },
            "timeouts": null,
            "vpc_id": "vpc-0808368b7ef59128e"
          },
          "sensitive_attributes": [],
          "identity_schema_version": 0,
          "identity": {
            "account_id": "692414550794",
            "id": "sg-0bf207c15b54c8b08",
            "region": "ap-south-1"
          },
          "private": "eyJlMmJmYjczMC1lY2FhLTExZTYtOGY4OC0zNDM2M2JjN2M0YzAiOnsiY3JlYXRlIjo2MDAwMDAwMDAwMDAsImRlbGV0ZSI6OTAwMDAwMDAwMDAwfSwic2NoZW1hX3ZlcnNpb24iOiIxIn0=",
          "dependencies": [
            "aws_vpc.main_vpc"
          ]
        }
      ]
    },
    {
      "mode": "managed",
      "type": "aws_security_group",
      "name": "rds",
      "provider": "provider[\"registry.terraform.io/hashicorp/aws\"]",
      "instances": [
        {
          "schema_version": 1,
          "attributes": {
            "arn": "arn:aws:ec2:ap-south-1:692414550794:security-group/sg-05c308968f76dd51c",
            "description": "Managed by Terraform",
            "egress": [],
            "id": "sg-05c308968f76dd51c",
            "ingress": [
              {
                "cidr_blocks": [],
                "description": "",
                "from_port": 3306,
                "ipv6_cidr_blocks": [],
                "prefix_list_ids": [],
                "protocol": "tcp",
                "security_groups": [
                  "sg-0c900c2d95c62dd34"
                ],
                "self": false,
                "to_port": 3306
              }
            ],
            "name": "terraform-project-rds-sg",
            "name_prefix": "",
            "owner_id": "692414550794",
            "region": "ap-south-1",
            "revoke_rules_on_delete": false,
            "tags": {
              "Name": "terraform-project-rds-sg"
            },
            "tags_all": {
              "Name": "terraform-project-rds-sg"
            },
            "timeouts": null,
            "vpc_id": "vpc-0808368b7ef59128e"
          },
          "sensitive_attributes": [],
          "identity_schema_version": 0,
          "identity": {
            "account_id": "692414550794",
            "id": "sg-05c308968f76dd51c",
            "region": "ap-south-1"
          },
          "private": "eyJlMmJmYjczMC1lY2FhLTExZTYtOGY4OC0zNDM2M2JjN2M0YzAiOnsiY3JlYXRlIjo2MDAwMDAwMDAwMDAsImRlbGV0ZSI6OTAwMDAwMDAwMDAwfSwic2NoZW1hX3ZlcnNpb24iOiIxIn0=",
          "dependencies": [
            "aws_security_group.alb",
            "aws_security_group.web",
            "aws_vpc.main_vpc"
          ]
        }
      ]
    },
    {
      "mode": "managed",
      "type": "aws_security_group",
      "name": "web",
      "provider": "provider[\"registry.terraform.io/hashicorp/aws\"]",
      "instances": [
        {
          "schema_version": 1,
          "attributes": {
            "arn": "arn:aws:ec2:ap-south-1:692414550794:security-group/sg-0c900c2d95c62dd34",
            "description": "Managed by Terraform",
            "egress": [
              {
                "cidr_blocks": [
                  "0.0.0.0/0"
                ],
                "description": "",
                "from_port": 0,
                "ipv6_cidr_blocks": [],
                "prefix_list_ids": [],
                "protocol": "-1",
                "security_groups": [],
                "self": false,
                "to_port": 0
              }
            ],
            "id": "sg-0c900c2d95c62dd34",
            "ingress": [
              {
                "cidr_blocks": [
                  "10.0.0.0/16"
                ],
                "description": "",
                "from_port": 22,
                "ipv6_cidr_blocks": [],
                "prefix_list_ids": [],
                "protocol": "tcp",
                "security_groups": [],
                "self": false,
                "to_port": 22
              },
              {
                "cidr_blocks": [],
                "description": "",
                "from_port": 80,
                "ipv6_cidr_blocks": [],
                "prefix_list_ids": [],
                "protocol": "tcp",
                "security_groups": [
                  "sg-0bf207c15b54c8b08"
                ],
                "self": false,
                "to_port": 80
              }
            ],
            "name": "terraform-project-web-sg",
            "name_prefix": "",
            "owner_id": "692414550794",
            "region": "ap-south-1",
            "revoke_rules_on_delete": false,
            "tags": {
              "Name": "terraform-project-web-sg"
            },
            "tags_all": {
              "Name": "terraform-project-web-sg"
            },
            "timeouts": null,
            "vpc_id": "vpc-0808368b7ef59128e"
          },
          "sensitive_attributes": [],
          "identity_schema_version": 0,
          "identity": {
            "account_id": "692414550794",
            "id": "sg-0c900c2d95c62dd34",
            "region": "ap-south-1"
          },
          "private": "eyJlMmJmYjczMC1lY2FhLTExZTYtOGY4OC0zNDM2M2JjN2M0YzAiOnsiY3JlYXRlIjo2MDAwMDAwMDAwMDAsImRlbGV0ZSI6OTAwMDAwMDAwMDAwfSwic2NoZW1hX3ZlcnNpb24iOiIxIn0=",
          "dependencies": [
            "aws_security_group.alb",
            "aws_vpc.main_vpc"
          ]
        }
      ]
    },
    {
      "mode": "managed",
      "type": "aws_subnet",
      "name": "private",
      "provider": "provider[\"registry.terraform.io/hashicorp/aws\"]",
      "instances": [
        {
          "index_key": 0,
          "schema_version": 1,
          "attributes": {
            "arn": "arn:aws:ec2:ap-south-1:692414550794:subnet/subnet-075c071245f1c422a",
            "assign_ipv6_address_on_creation": false,
            "availability_zone": "ap-south-1a",
            "availability_zone_id": "aps1-az1",
            "cidr_block": "10.0.10.0/24",
            "customer_owned_ipv4_pool": "",
            "enable_dns64": false,
            "enable_lni_at_device_index": 0,
            "enable_resource_name_dns_a_record_on_launch": false,
            "enable_resource_name_dns_aaaa_record_on_launch": false,
            "id": "subnet-075c071245f1c422a",
            "ipv6_cidr_block": "",
            "ipv6_cidr_block_association_id": "",
            "ipv6_native": false,
            "map_customer_owned_ip_on_launch": false,
            "map_public_ip_on_launch": false,
            "outpost_arn": "",
            "owner_id": "692414550794",
            "private_dns_hostname_type_on_launch": "ip-name",
            "region": "ap-south-1",
            "tags": {
              "Name": "terraform-project-private-subnet-1",
              "Type": "Private"
            },
            "tags_all": {
              "Name": "terraform-project-private-subnet-1",
              "Type": "Private"
            },
            "timeouts": null,
            "vpc_id": "vpc-0808368b7ef59128e"
          },
          "sensitive_attributes": [],
          "identity_schema_version": 0,
          "identity": {
            "account_id": "692414550794",
            "id": "subnet-075c071245f1c422a",
            "region": "ap-south-1"
          },
          "private": "eyJlMmJmYjczMC1lY2FhLTExZTYtOGY4OC0zNDM2M2JjN2M0YzAiOnsiY3JlYXRlIjo2MDAwMDAwMDAwMDAsImRlbGV0ZSI6MTIwMDAwMDAwMDAwMH0sInNjaGVtYV92ZXJzaW9uIjoiMSJ9",
          "dependencies": [
            "aws_vpc.main_vpc",
            "data.aws_availability_zones.available"
          ]
        },
        {
          "index_key": 1,
          "schema_version": 1,
          "attributes": {
            "arn": "arn:aws:ec2:ap-south-1:692414550794:subnet/subnet-0ff3daf38bf694519",
            "assign_ipv6_address_on_creation": false,
            "availability_zone": "ap-south-1b",
            "availability_zone_id": "aps1-az3",
            "cidr_block": "10.0.20.0/24",
            "customer_owned_ipv4_pool": "",
            "enable_dns64": false,
            "enable_lni_at_device_index": 0,
            "enable_resource_name_dns_a_record_on_launch": false,
            "enable_resource_name_dns_aaaa_record_on_launch": false,
            "id": "subnet-0ff3daf38bf694519",
            "ipv6_cidr_block": "",
            "ipv6_cidr_block_association_id": "",
            "ipv6_native": false,
            "map_customer_owned_ip_on_launch": false,
            "map_public_ip_on_launch": false,
            "outpost_arn": "",
            "owner_id": "692414550794",
            "private_dns_hostname_type_on_launch": "ip-name",
            "region": "ap-south-1",
            "tags": {
              "Name": "terraform-project-private-subnet-2",
              "Type": "Private"
            },
            "tags_all": {
              "Name": "terraform-project-private-subnet-2",
              "Type": "Private"
            },
            "timeouts": null,
            "vpc_id": "vpc-0808368b7ef59128e"
          },
          "sensitive_attributes": [],
          "identity_schema_version": 0,
          "identity": {
            "account_id": "692414550794",
            "id": "subnet-0ff3daf38bf694519",
            "region": "ap-south-1"
          },
          "private": "eyJlMmJmYjczMC1lY2FhLTExZTYtOGY4OC0zNDM2M2JjN2M0YzAiOnsiY3JlYXRlIjo2MDAwMDAwMDAwMDAsImRlbGV0ZSI6MTIwMDAwMDAwMDAwMH0sInNjaGVtYV92ZXJzaW9uIjoiMSJ9",
          "dependencies": [
            "aws_vpc.main_vpc",
            "data.aws_availability_zones.available"
          ]
        }
      ]
    },
    {
      "mode": "managed",
      "type": "aws_subnet",
      "name": "public",
      "provider": "provider[\"registry.terraform.io/hashicorp/aws\"]",
      "instances": [
        {
          "index_key": 0,
          "schema_version": 1,
          "attributes": {
            "arn": "arn:aws:ec2:ap-south-1:692414550794:subnet/subnet-09d57a2c3c343ea38",
            "assign_ipv6_address_on_creation": false,
            "availability_zone": "ap-south-1a",
            "availability_zone_id": "aps1-az1",
            "cidr_block": "10.0.1.0/24",
            "customer_owned_ipv4_pool": "",
            "enable_dns64": false,
            "enable_lni_at_device_index": 0,
            "enable_resource_name_dns_a_record_on_launch": false,
            "enable_resource_name_dns_aaaa_record_on_launch": false,
            "id": "subnet-09d57a2c3c343ea38",
            "ipv6_cidr_block": "",
            "ipv6_cidr_block_association_id": "",
            "ipv6_native": false,
            "map_customer_owned_ip_on_launch": false,
            "map_public_ip_on_launch": true,
            "outpost_arn": "",
            "owner_id": "692414550794",
            "private_dns_hostname_type_on_launch": "ip-name",
            "region": "ap-south-1",
            "tags": {
              "Name": "terraform-project-public-subnet-1",
              "Type": "Public"
            },
            "tags_all": {
              "Name": "terraform-project-public-subnet-1",
              "Type": "Public"
            },
            "timeouts": null,
            "vpc_id": "vpc-0808368b7ef59128e"
          },
          "sensitive_attributes": [],
          "identity_schema_version": 0,
          "identity": {
            "account_id": "692414550794",
            "id": "subnet-09d57a2c3c343ea38",
            "region": "ap-south-1"
          },
          "private": "eyJlMmJmYjczMC1lY2FhLTExZTYtOGY4OC0zNDM2M2JjN2M0YzAiOnsiY3JlYXRlIjo2MDAwMDAwMDAwMDAsImRlbGV0ZSI6MTIwMDAwMDAwMDAwMH0sInNjaGVtYV92ZXJzaW9uIjoiMSJ9",
          "dependencies": [
            "aws_vpc.main_vpc",
            "data.aws_availability_zones.available"
          ]
        },
        {
          "index_key": 1,
          "schema_version": 1,
          "attributes": {
            "arn": "arn:aws:ec2:ap-south-1:692414550794:subnet/subnet-005cbae0ef6bf1621",
            "assign_ipv6_address_on_creation": false,
            "availability_zone": "ap-south-1b",
            "availability_zone_id": "aps1-az3",
            "cidr_block": "10.0.2.0/24",
            "customer_owned_ipv4_pool": "",
            "enable_dns64": false,
            "enable_lni_at_device_index": 0,
            "enable_resource_name_dns_a_record_on_launch": false,
            "enable_resource_name_dns_aaaa_record_on_launch": false,
            "id": "subnet-005cbae0ef6bf1621",
            "ipv6_cidr_block": "",
            "ipv6_cidr_block_association_id": "",
            "ipv6_native": false,
            "map_customer_owned_ip_on_launch": false,
            "map_public_ip_on_launch": true,
            "outpost_arn": "",
            "owner_id": "692414550794",
            "private_dns_hostname_type_on_launch": "ip-name",
            "region": "ap-south-1",
            "tags": {
              "Name": "terraform-project-public-subnet-2",
              "Type": "Public"
            },
            "tags_all": {
              "Name": "terraform-project-public-subnet-2",
              "Type": "Public"
            },
            "timeouts": null,
            "vpc_id": "vpc-0808368b7ef59128e"
          },
          "sensitive_attributes": [],
          "identity_schema_version": 0,
          "identity": {
            "account_id": "692414550794",
            "id": "subnet-005cbae0ef6bf1621",
            "region": "ap-south-1"
          },
          "private": "eyJlMmJmYjczMC1lY2FhLTExZTYtOGY4OC0zNDM2M2JjN2M0YzAiOnsiY3JlYXRlIjo2MDAwMDAwMDAwMDAsImRlbGV0ZSI6MTIwMDAwMDAwMDAwMH0sInNjaGVtYV92ZXJzaW9uIjoiMSJ9",
          "dependencies": [
            "aws_vpc.main_vpc",
            "data.aws_availability_zones.available"
          ]
        }
      ]
    },
    {
      "mode": "managed",
      "type": "aws_vpc",
      "name": "main_vpc",
      "provider": "provider[\"registry.terraform.io/hashicorp/aws\"]",
      "instances": [
        {
          "schema_version": 1,
          "attributes": {
            "arn": "arn:aws:ec2:ap-south-1:692414550794:vpc/vpc-0808368b7ef59128e",
            "assign_generated_ipv6_cidr_block": false,
            "cidr_block": "10.0.0.0/16",
            "default_network_acl_id": "acl-0792b5884b765cf9b",
            "default_route_table_id": "rtb-02b1f032ad48522af",
            "default_security_group_id": "sg-0499eb1d33326111d",
            "dhcp_options_id": "dopt-05ac4d0aac039b4aa",
            "enable_dns_hostnames": true,
            "enable_dns_support": true,
            "enable_network_address_usage_metrics": false,
            "id": "vpc-0808368b7ef59128e",
            "instance_tenancy": "default",
            "ipv4_ipam_pool_id": null,
            "ipv4_netmask_length": null,
            "ipv6_association_id": "",
            "ipv6_cidr_block": "",
            "ipv6_cidr_block_network_border_group": "",
            "ipv6_ipam_pool_id": "",
            "ipv6_netmask_length": 0,
            "main_route_table_id": "rtb-02b1f032ad48522af",
            "owner_id": "692414550794",
            "region": "ap-south-1",
            "tags": {
              "Name": "terraform-project-vpc"
            },
            "tags_all": {
              "Name": "terraform-project-vpc"
            }
          },
          "sensitive_attributes": [],
          "identity_schema_version": 0,
          "identity": {
            "account_id": "692414550794",
            "id": "vpc-0808368b7ef59128e",
            "region": "ap-south-1"
          },
          "private": "eyJzY2hlbWFfdmVyc2lvbiI6IjEifQ=="
        }
      ]
    },
    {
      "mode": "managed",
      "type": "local_file",
      "name": "private_key",
      "provider": "provider[\"registry.terraform.io/hashicorp/local\"]",
      "instances": [
        {
          "schema_version": 0,
          "attributes": {
            "content": "-----BEGIN RSA PRIVATE KEY-----\nMIIJKQIBAAKCAgEAnyotk2lBM07j5u6Ny9tzIpzUaN95kLGL5kQ5IVD0GY4I9Nw0\nrq1kBxb/Yw2KfMFCse6+2x2vxpCBGoAtm3S+G6HiIbN9rWv7HTRWFXR84ZstfNEI\nbtghu8S2I3cIEAPdFtH1w2k2uCEd1v6sILnSq6w5AjOn9YhhmA9+diCiT1jsCcPM\n3JNnNzbe6qHqfjNhfJetbq1Ms072ULSGaJRov4kOujFgkmjr4UIaayvJJT8HJfCq\nsDP7X64QnXGXIoUptP7no7t+RdDbECKUeT1eJU5qc8fwz7Rm9+SGE0pkexBmYLbt\nHPhpwpeY9Qw7JHjcDxvSUDB3Nj5sejsa2/BJLae+A0hcNLFiW9OdgZpE6tbxjJwt\n44fEqERfzP/n0rKpE2izovMjVpp1WW87j4Hg6zsimDelObDH2qQ79P1mQr9Obdfx\nb9LG/ZX63thGECV1fa3CKggEJ5eD6AHKsh+Pt9RextoRrfvI0UbSHiGCLmZRuwny\nySrNrnINKTqI+AUc/UZ1k6tClRj5NDTR1D4Kimw1CobR3ahsv1EHpeYbXqulX3Ga\nHFb/dRbgewkIr+1a+lHv1kDbdjyiY6zSHDAu+eQpMnzMv6H+deVR3A7+Ln3Db+P2\nH4SDnlDpWrERgUu562WE8dSkmnCcQpkYHkQEaYSYISIRqRXDLaXeFGQZdSECAwEA\nAQKCAgABKKr1SE5nuRAoEHOVg48Gi6gbmAjyuJWMAyd7/8gPND1fdFz+f+0Fr4au\nKh092aBf2vJRIRm0Xef6u+qDwmlXRSn4KdjlPYSHYBKtDFCTye/zrofxBVTVi6dH\nLH4xXlMqmokUt6bk10+Nea7iJsg1uhweJnx3aVtLN/hT6YU/rlDlpKMmC1K0kGCL\ndSCtHjhRp78Pr7uqZeLy5SWXYavo58QPhKgvLgwNnfrC7f+EbGg5FVQA0sK78xtU\nMiKyEdB4bLoIs1Gbi4Y/df5TwFJ3qLxWBHjTN6ffmoPZZHDFLpzi4Qy/6b/HYW2F\nLJDKVrDve+SKSJgNm+MT+WsxemyQoW0z9TKsvEvktGqsWCTYvd/LpzwS3KE8Xb54\nUl/vNwuZgIuGWkjpLh8R1lhOp76oUmRLZ9x5RKMbx4/Rx959k14MI3gBGVUu99lT\nD/ORxj9aGIPH5gKyCfcIXgQuv1J9MKdApXan1DZEld8jMr80WMkqfpifWA1cEW0g\nfD5HtTjVNXNef+EvKQJryQ4D5fcN2PemeXsI8+64LC4wYVVQir1YRYr9Z9scymh0\nC3yMSo0L0iRFMgFbMKUoM/NtYnCUbVTJWIl3P4n8Ji6/p30D3Dr2LJYVNC26Paud\nmiUybeX4d5kxWB6SwDvPs+d5/ayEZ8MHS/1kMQL8ulS/LfBIAQKCAQEAxaxDkUA0\n/Y8XsN4Qj18o3eaaPF00gkAKNNGl4qUvAt5sC81wJYHIqV8FgMMhvF2JJFBGwY1m\nZS5vCyHkcPgmKJfjDt7yjl4RAO5cMns0ticqMVRUorNd8Dl+BISyQKUD2xu1UJOg\nUQ268MherOgn7cIL10QT7UbjuFK1SRN6gHz5Egvjqz5E5+SmvVv8Mq8SIhfa1bym\n1N3czf8o55Y48UqQ6R5SNzWTEIDUcJrEuMKEY3tJNrtXb39ZqhbXngywwDU1V0+j\neNHnkOqzuQsX9t5pFuOjFee7z7yiPUGqvHiOqllUqKjDvSv1r7ExOmVGYP5k9dbz\n8DAgm8Kf5+2ogQKCAQEAziEZ5oS90VpfxylCpNwpfQB4ZMpIh77rU948HwAnllFh\nF9rlvSBdupZ78lPEkTcqFn2o6qrvlLgLpuiF2fzZsR1HW0gDes1yJ0RanqhmZaur\n/ZzpzialWohhYQkk4v4ZkGgxyj83I01NhU8v6g7XthK1UQV5apKeqyNi2EelTq9Y\nA9FZIeWIVLbGcCVN/t1QZex8QGmowr6qlznnNZXvbEPo+KaO7HQkoRzK12sWVzKY\nKqxYUI7kaVcpP6TSuazdFVpdiv0AcGdKjSXhqKiYfx8b95YKjcNFdElG7pluyPuZ\nlj6ww/JuGPuObY2cNq7r6J76qkuZesg2++dRyAR8oQKCAQEAvNqAz0PtnJZaRwNS\nBPggXiiUELnnkc1HMwFdIDU6vd3skjYbP+pH4PFEm6lSENm4TbZYc1D5lA+Rzav6\nyad7JWs/ZhTA3h2m1yHjeeNWD/VJDUoJdkwxonH7IKv6dWJyVaKaTrpL/0RD5wk3\n0rAWfcPXdjm3ZAlHRPHX+1IdxqYffAtZ32AlivtcBivcvjue8m2iCHQtW8//xdtS\npDdUfcsEuYPbfp2zvJ+o11A2RGKrAzRlVWIU/hRIgQVDyN9M+sWbCaivgJ3iRATH\n4jFkGtqQwmqHhEUanTUWN7oGOfxgKQYhqOVb5N8b4lhCtQzO+ZnysSFFe6MvdEC0\nb2wSgQKCAQEAgknJ5TriAAHvqCMcTLgcQTaa4po5XhP/CvPdbHrcitbFWB60N+bN\nV7LmhTUNefw0TiL/MdT5ujbappUyhaacsqafA8Nw754MGWXLIZ2vm3P3MkaMQhGL\nUr4BTyRIfHHAFtbFIeDzKQ0jgq+ayYa4Mg2BLcUYCZTDVcj4IVyn0CRkrYUVoadD\nlMgyhZAOzJl2x/XCU7R1RyLdENk4m1Y6D2SdTQ16KVsADBX24FJ/vH3uUIq/B6xK\nE4tUNzYnO9VXqLeFiOSB8opXRQA8si5etXskYkokQZa7v9TRUN8Kd18QpTba4//I\nN2JJlFV999J4qoBSUHGYgVMr7e04dATiAQKCAQA1UezJE8cD5KrO4hMQ1dhKop6V\nIYS/TkllBBWE/5UyuTxcBQ0Bgy3wuEJFqza56wjtvMGpOnk6HJNOnO1Ls0JcU/Gh\nWpnQvLA+ckIJYExDqIXA6IL53dpCHkI639hVDBpNWzSc37vU7ONObOGvKUkxCyK7\ncp7GW8/mJG+Z2m2drEUoGYocuimMihHU67X2PstqTOnR/bN4ukYvA4H3uYF5exYZ\n1kiR4U8kOPeRyBPSg6YiKbwQmRQJlDRDAm3NwV7+tdigAlvmTmx32niOsFEYOamX\nU6MfE6h8clmpsi24aqUVvfDCwdOhVaV1suvPQ/QK87dLLErXD2KtpP+j4tcd\n-----END RSA PRIVATE KEY-----\n",
            "content_base64": null,
            "content_base64sha256": "4SU6jP+wqMx5Mu44CJMXMsysELNPysLAT0sGVxvAEwk=",
            "content_base64sha512": "UCzTSqe97/bI29BrrNmrg2T+ERzsOfdY5f+MAqzQRaB8N633Zq62Q5CX3AcSO0J8t3j3Pu/xJ4gwO8WjurTigQ==",
            "content_md5": "991b16b4c5599ce3879ce4d6eef1606c",
            "content_sha1": "aa63b6517e2429e11bc603786f848e6b1b354053",
            "content_sha256": "e1253a8cffb0a8cc7932ee3808931732ccac10b34fcac2c04f4b06571bc01309",
            "content_sha512": "502cd34aa7bdeff6c8dbd06bacd9ab8364fe111cec39f758e5ff8c02acd045a07c37adf766aeb6439097dc07123b427cb778f73eeff12788303bc5a3bab4e281",
            "directory_permission": "0777",
            "file_permission": "0400",
            "filename": "./terraform-private-key",
            "id": "aa63b6517e2429e11bc603786f848e6b1b354053",
            "sensitive_content": null,
            "source": null
          },
          "sensitive_attributes": [
            [
              {
                "type": "get_attr",
                "value": "content"
              }
            ],
            [
              {
                "type": "get_attr",
                "value": "sensitive_content"
              }
            ]
          ],
          "identity_schema_version": 0,
          "dependencies": [
            "tls_private_key.web"
          ]
        }
      ]
    },
    {
      "mode": "managed",
      "type": "random_id",
      "name": "bucket_suffix",
      "provider": "provider[\"registry.terraform.io/hashicorp/random\"]",
      "instances": [
        {
          "schema_version": 0,
          "attributes": {
            "b64_std": "MPWWgQ==",
            "b64_url": "MPWWgQ",
            "byte_length": 4,
            "dec": "821401217",
            "hex": "30f59681",
            "id": "MPWWgQ",
            "keepers": null,
            "prefix": null
          },
          "sensitive_attributes": [],
          "identity_schema_version": 0
        }
      ]
    },
    {
      "mode": "managed",
      "type": "tls_private_key",
      "name": "web",
      "provider": "provider[\"registry.terraform.io/hashicorp/tls\"]",
      "instances": [
        {
          "schema_version": 1,
          "attributes": {
            "algorithm": "RSA",
            "ecdsa_curve": "P224",
            "id": "766ee38c5202278d12f8c5a7a174a262c6523dc2",
            "private_key_openssh": "-----BEGIN OPENSSH PRIVATE KEY-----\nb3BlbnNzaC1rZXktdjEAAAAABG5vbmUAAAAEbm9uZQAAAAAAAAABAAACFwAAAAdz\nc2gtcnNhAAAAAwEAAQAAAgEAnyotk2lBM07j5u6Ny9tzIpzUaN95kLGL5kQ5IVD0\nGY4I9Nw0rq1kBxb/Yw2KfMFCse6+2x2vxpCBGoAtm3S+G6HiIbN9rWv7HTRWFXR8\n4ZstfNEIbtghu8S2I3cIEAPdFtH1w2k2uCEd1v6sILnSq6w5AjOn9YhhmA9+diCi\nT1jsCcPM3JNnNzbe6qHqfjNhfJetbq1Ms072ULSGaJRov4kOujFgkmjr4UIaayvJ\nJT8HJfCqsDP7X64QnXGXIoUptP7no7t+RdDbECKUeT1eJU5qc8fwz7Rm9+SGE0pk\nexBmYLbtHPhpwpeY9Qw7JHjcDxvSUDB3Nj5sejsa2/BJLae+A0hcNLFiW9OdgZpE\n6tbxjJwt44fEqERfzP/n0rKpE2izovMjVpp1WW87j4Hg6zsimDelObDH2qQ79P1m\nQr9Obdfxb9LG/ZX63thGECV1fa3CKggEJ5eD6AHKsh+Pt9RextoRrfvI0UbSHiGC\nLmZRuwnyySrNrnINKTqI+AUc/UZ1k6tClRj5NDTR1D4Kimw1CobR3ahsv1EHpeYb\nXqulX3GaHFb/dRbgewkIr+1a+lHv1kDbdjyiY6zSHDAu+eQpMnzMv6H+deVR3A7+\nLn3Db+P2H4SDnlDpWrERgUu562WE8dSkmnCcQpkYHkQEaYSYISIRqRXDLaXeFGQZ\ndSEAAAc4+0hzbftIc20AAAAHc3NoLXJzYQAAAgEAnyotk2lBM07j5u6Ny9tzIpzU\naN95kLGL5kQ5IVD0GY4I9Nw0rq1kBxb/Yw2KfMFCse6+2x2vxpCBGoAtm3S+G6Hi\nIbN9rWv7HTRWFXR84ZstfNEIbtghu8S2I3cIEAPdFtH1w2k2uCEd1v6sILnSq6w5\nAjOn9YhhmA9+diCiT1jsCcPM3JNnNzbe6qHqfjNhfJetbq1Ms072ULSGaJRov4kO\nujFgkmjr4UIaayvJJT8HJfCqsDP7X64QnXGXIoUptP7no7t+RdDbECKUeT1eJU5q\nc8fwz7Rm9+SGE0pkexBmYLbtHPhpwpeY9Qw7JHjcDxvSUDB3Nj5sejsa2/BJLae+\nA0hcNLFiW9OdgZpE6tbxjJwt44fEqERfzP/n0rKpE2izovMjVpp1WW87j4Hg6zsi\nmDelObDH2qQ79P1mQr9Obdfxb9LG/ZX63thGECV1fa3CKggEJ5eD6AHKsh+Pt9Re\nxtoRrfvI0UbSHiGCLmZRuwnyySrNrnINKTqI+AUc/UZ1k6tClRj5NDTR1D4Kimw1\nCobR3ahsv1EHpeYbXqulX3GaHFb/dRbgewkIr+1a+lHv1kDbdjyiY6zSHDAu+eQp\nMnzMv6H+deVR3A7+Ln3Db+P2H4SDnlDpWrERgUu562WE8dSkmnCcQpkYHkQEaYSY\nISIRqRXDLaXeFGQZdSEAAAADAQABAAACAAEoqvVITme5ECgQc5WDjwaLqBuYCPK4\nlYwDJ3v/yA80PV90XP5/7QWvhq4qHT3ZoF/a8lEhGbRd5/q76oPCaVdFKfgp2OU9\nhIdgEq0MUJPJ7/Ouh/EFVNWLp0csfjFeUyqaiRS3puTXT415ruImyDW6HB4mfHdp\nW0s3+FPphT+uUOWkoyYLUrSQYIt1IK0eOFGnvw+vu6pl4vLlJZdhq+jnxA+EqC8u\nDA2d+sLt/4RsaDkVVADSwrvzG1QyIrIR0HhsugizUZuLhj91/lPAUneovFYEeNM3\np9+ag9lkcMUunOLhDL/pv8dhbYUskMpWsO975IpImA2b4xP5azF6bJChbTP1Mqy8\nS+S0aqxYJNi938unPBLcoTxdvnhSX+83C5mAi4ZaSOkuHxHWWE6nvqhSZEtn3HlE\noxvHj9HH3n2TXgwjeAEZVS732VMP85HGP1oYg8fmArIJ9wheBC6/Un0wp0CldqfU\nNkSV3yMyvzRYySp+mJ9YDVwRbSB8Pke1ONU1c15/4S8pAmvJDgPl9w3Y96Z5ewjz\n7rgsLjBhVVCKvVhFiv1n2xzKaHQLfIxKjQvSJEUyAVswpSgz821icJRtVMlYiXc/\nifwmLr+nfQPcOvYslhU0Lbo9q52aJTJt5fh3mTFYHpLAO8+z53n9rIRnwwdL/WQx\nAvy6VL8t8EgBAAABADVR7MkTxwPkqs7iExDV2EqinpUhhL9OSWUEFYT/lTK5PFwF\nDQGDLfC4QkWrNrnrCO28wak6eTock06c7UuzQlxT8aFamdC8sD5yQglgTEOohcDo\ngvnd2kIeQjrf2FUMGk1bNJzfu9Ts405s4a8pSTELIrtynsZbz+Ykb5nabZ2sRSgZ\nihy6KYyKEdTrtfY+y2pM6dH9s3i6Ri8Dgfe5gXl7FhnWSJHhTyQ495HIE9KDpiIp\nvBCZFAmUNEMCbc3BXv612KACW+ZObHfaeI6wURg5qZdTox8TqHxyWamyLbhqpRW9\n8MLB06FVpXWy689D9Arzt0ssStcPYq2k/6Pi1x0AAAEBAMWsQ5FANP2PF7DeEI9f\nKN3mmjxdNIJACjTRpeKlLwLebAvNcCWByKlfBYDDIbxdiSRQRsGNZmUubwsh5HD4\nJiiX4w7e8o5eEQDuXDJ7NLYnKjFUVKKzXfA5fgSEskClA9sbtVCToFENuvDIXqzo\nJ+3CC9dEE+1G47hStUkTeoB8+RIL46s+ROfkpr1b/DKvEiIX2tW8ptTd3M3/KOeW\nOPFKkOkeUjc1kxCA1HCaxLjChGN7STa7V29/WaoW154MsMA1NVdPo3jR55Dqs7kL\nF/beaRbjoxXnu8+8oj1Bqrx4jqpZVKiow70r9a+xMTplRmD+ZPXW8/AwIJvCn+ft\nqIEAAAEBAM4hGeaEvdFaX8cpQqTcKX0AeGTKSIe+61PePB8AJ5ZRYRfa5b0gXbqW\ne/JTxJE3KhZ9qOqq75S4C6bohdn82bEdR1tIA3rNcidEWp6oZmWrq/2c6c4mpVqI\nYWEJJOL+GZBoMco/NyNNTYVPL+oO17YStVEFeWqSnqsjYthHpU6vWAPRWSHliFS2\nxnAlTf7dUGXsfEBpqMK+qpc55zWV72xD6Pimjux0JKEcytdrFlcymCqsWFCO5GlX\nKT+k0rms3RVaXYr9AHBnSo0l4aiomH8fG/eWCo3DRXRJRu6Zbsj7mZY+sMPybhj7\njm2NnDau6+ie+qpLmXrINvvnUcgEfKEAAAAAAQID\n-----END OPENSSH PRIVATE KEY-----\n",
            "private_key_pem": "-----BEGIN RSA PRIVATE KEY-----\nMIIJKQIBAAKCAgEAnyotk2lBM07j5u6Ny9tzIpzUaN95kLGL5kQ5IVD0GY4I9Nw0\nrq1kBxb/Yw2KfMFCse6+2x2vxpCBGoAtm3S+G6HiIbN9rWv7HTRWFXR84ZstfNEI\nbtghu8S2I3cIEAPdFtH1w2k2uCEd1v6sILnSq6w5AjOn9YhhmA9+diCiT1jsCcPM\n3JNnNzbe6qHqfjNhfJetbq1Ms072ULSGaJRov4kOujFgkmjr4UIaayvJJT8HJfCq\nsDP7X64QnXGXIoUptP7no7t+RdDbECKUeT1eJU5qc8fwz7Rm9+SGE0pkexBmYLbt\nHPhpwpeY9Qw7JHjcDxvSUDB3Nj5sejsa2/BJLae+A0hcNLFiW9OdgZpE6tbxjJwt\n44fEqERfzP/n0rKpE2izovMjVpp1WW87j4Hg6zsimDelObDH2qQ79P1mQr9Obdfx\nb9LG/ZX63thGECV1fa3CKggEJ5eD6AHKsh+Pt9RextoRrfvI0UbSHiGCLmZRuwny\nySrNrnINKTqI+AUc/UZ1k6tClRj5NDTR1D4Kimw1CobR3ahsv1EHpeYbXqulX3Ga\nHFb/dRbgewkIr+1a+lHv1kDbdjyiY6zSHDAu+eQpMnzMv6H+deVR3A7+Ln3Db+P2\nH4SDnlDpWrERgUu562WE8dSkmnCcQpkYHkQEaYSYISIRqRXDLaXeFGQZdSECAwEA\nAQKCAgABKKr1SE5nuRAoEHOVg48Gi6gbmAjyuJWMAyd7/8gPND1fdFz+f+0Fr4au\nKh092aBf2vJRIRm0Xef6u+qDwmlXRSn4KdjlPYSHYBKtDFCTye/zrofxBVTVi6dH\nLH4xXlMqmokUt6bk10+Nea7iJsg1uhweJnx3aVtLN/hT6YU/rlDlpKMmC1K0kGCL\ndSCtHjhRp78Pr7uqZeLy5SWXYavo58QPhKgvLgwNnfrC7f+EbGg5FVQA0sK78xtU\nMiKyEdB4bLoIs1Gbi4Y/df5TwFJ3qLxWBHjTN6ffmoPZZHDFLpzi4Qy/6b/HYW2F\nLJDKVrDve+SKSJgNm+MT+WsxemyQoW0z9TKsvEvktGqsWCTYvd/LpzwS3KE8Xb54\nUl/vNwuZgIuGWkjpLh8R1lhOp76oUmRLZ9x5RKMbx4/Rx959k14MI3gBGVUu99lT\nD/ORxj9aGIPH5gKyCfcIXgQuv1J9MKdApXan1DZEld8jMr80WMkqfpifWA1cEW0g\nfD5HtTjVNXNef+EvKQJryQ4D5fcN2PemeXsI8+64LC4wYVVQir1YRYr9Z9scymh0\nC3yMSo0L0iRFMgFbMKUoM/NtYnCUbVTJWIl3P4n8Ji6/p30D3Dr2LJYVNC26Paud\nmiUybeX4d5kxWB6SwDvPs+d5/ayEZ8MHS/1kMQL8ulS/LfBIAQKCAQEAxaxDkUA0\n/Y8XsN4Qj18o3eaaPF00gkAKNNGl4qUvAt5sC81wJYHIqV8FgMMhvF2JJFBGwY1m\nZS5vCyHkcPgmKJfjDt7yjl4RAO5cMns0ticqMVRUorNd8Dl+BISyQKUD2xu1UJOg\nUQ268MherOgn7cIL10QT7UbjuFK1SRN6gHz5Egvjqz5E5+SmvVv8Mq8SIhfa1bym\n1N3czf8o55Y48UqQ6R5SNzWTEIDUcJrEuMKEY3tJNrtXb39ZqhbXngywwDU1V0+j\neNHnkOqzuQsX9t5pFuOjFee7z7yiPUGqvHiOqllUqKjDvSv1r7ExOmVGYP5k9dbz\n8DAgm8Kf5+2ogQKCAQEAziEZ5oS90VpfxylCpNwpfQB4ZMpIh77rU948HwAnllFh\nF9rlvSBdupZ78lPEkTcqFn2o6qrvlLgLpuiF2fzZsR1HW0gDes1yJ0RanqhmZaur\n/ZzpzialWohhYQkk4v4ZkGgxyj83I01NhU8v6g7XthK1UQV5apKeqyNi2EelTq9Y\nA9FZIeWIVLbGcCVN/t1QZex8QGmowr6qlznnNZXvbEPo+KaO7HQkoRzK12sWVzKY\nKqxYUI7kaVcpP6TSuazdFVpdiv0AcGdKjSXhqKiYfx8b95YKjcNFdElG7pluyPuZ\nlj6ww/JuGPuObY2cNq7r6J76qkuZesg2++dRyAR8oQKCAQEAvNqAz0PtnJZaRwNS\nBPggXiiUELnnkc1HMwFdIDU6vd3skjYbP+pH4PFEm6lSENm4TbZYc1D5lA+Rzav6\nyad7JWs/ZhTA3h2m1yHjeeNWD/VJDUoJdkwxonH7IKv6dWJyVaKaTrpL/0RD5wk3\n0rAWfcPXdjm3ZAlHRPHX+1IdxqYffAtZ32AlivtcBivcvjue8m2iCHQtW8//xdtS\npDdUfcsEuYPbfp2zvJ+o11A2RGKrAzRlVWIU/hRIgQVDyN9M+sWbCaivgJ3iRATH\n4jFkGtqQwmqHhEUanTUWN7oGOfxgKQYhqOVb5N8b4lhCtQzO+ZnysSFFe6MvdEC0\nb2wSgQKCAQEAgknJ5TriAAHvqCMcTLgcQTaa4po5XhP/CvPdbHrcitbFWB60N+bN\nV7LmhTUNefw0TiL/MdT5ujbappUyhaacsqafA8Nw754MGWXLIZ2vm3P3MkaMQhGL\nUr4BTyRIfHHAFtbFIeDzKQ0jgq+ayYa4Mg2BLcUYCZTDVcj4IVyn0CRkrYUVoadD\nlMgyhZAOzJl2x/XCU7R1RyLdENk4m1Y6D2SdTQ16KVsADBX24FJ/vH3uUIq/B6xK\nE4tUNzYnO9VXqLeFiOSB8opXRQA8si5etXskYkokQZa7v9TRUN8Kd18QpTba4//I\nN2JJlFV999J4qoBSUHGYgVMr7e04dATiAQKCAQA1UezJE8cD5KrO4hMQ1dhKop6V\nIYS/TkllBBWE/5UyuTxcBQ0Bgy3wuEJFqza56wjtvMGpOnk6HJNOnO1Ls0JcU/Gh\nWpnQvLA+ckIJYExDqIXA6IL53dpCHkI639hVDBpNWzSc37vU7ONObOGvKUkxCyK7\ncp7GW8/mJG+Z2m2drEUoGYocuimMihHU67X2PstqTOnR/bN4ukYvA4H3uYF5exYZ\n1kiR4U8kOPeRyBPSg6YiKbwQmRQJlDRDAm3NwV7+tdigAlvmTmx32niOsFEYOamX\nU6MfE6h8clmpsi24aqUVvfDCwdOhVaV1suvPQ/QK87dLLErXD2KtpP+j4tcd\n-----END RSA PRIVATE KEY-----\n",
            "private_key_pem_pkcs8": "-----BEGIN PRIVATE KEY-----\nMIIJQwIBADANBgkqhkiG9w0BAQEFAASCCS0wggkpAgEAAoICAQCfKi2TaUEzTuPm\n7o3L23MinNRo33mQsYvmRDkhUPQZjgj03DSurWQHFv9jDYp8wUKx7r7bHa/GkIEa\ngC2bdL4boeIhs32ta/sdNFYVdHzhmy180Qhu2CG7xLYjdwgQA90W0fXDaTa4IR3W\n/qwgudKrrDkCM6f1iGGYD352IKJPWOwJw8zck2c3Nt7qoep+M2F8l61urUyzTvZQ\ntIZolGi/iQ66MWCSaOvhQhprK8klPwcl8KqwM/tfrhCdcZcihSm0/ueju35F0NsQ\nIpR5PV4lTmpzx/DPtGb35IYTSmR7EGZgtu0c+GnCl5j1DDskeNwPG9JQMHc2Pmx6\nOxrb8Ektp74DSFw0sWJb052BmkTq1vGMnC3jh8SoRF/M/+fSsqkTaLOi8yNWmnVZ\nbzuPgeDrOyKYN6U5sMfapDv0/WZCv05t1/Fv0sb9lfre2EYQJXV9rcIqCAQnl4Po\nAcqyH4+31F7G2hGt+8jRRtIeIYIuZlG7CfLJKs2ucg0pOoj4BRz9RnWTq0KVGPk0\nNNHUPgqKbDUKhtHdqGy/UQel5hteq6VfcZocVv91FuB7CQiv7Vr6Ue/WQNt2PKJj\nrNIcMC755CkyfMy/of515VHcDv4ufcNv4/YfhIOeUOlasRGBS7nrZYTx1KSacJxC\nmRgeRARphJghIhGpFcMtpd4UZBl1IQIDAQABAoICAAEoqvVITme5ECgQc5WDjwaL\nqBuYCPK4lYwDJ3v/yA80PV90XP5/7QWvhq4qHT3ZoF/a8lEhGbRd5/q76oPCaVdF\nKfgp2OU9hIdgEq0MUJPJ7/Ouh/EFVNWLp0csfjFeUyqaiRS3puTXT415ruImyDW6\nHB4mfHdpW0s3+FPphT+uUOWkoyYLUrSQYIt1IK0eOFGnvw+vu6pl4vLlJZdhq+jn\nxA+EqC8uDA2d+sLt/4RsaDkVVADSwrvzG1QyIrIR0HhsugizUZuLhj91/lPAUneo\nvFYEeNM3p9+ag9lkcMUunOLhDL/pv8dhbYUskMpWsO975IpImA2b4xP5azF6bJCh\nbTP1Mqy8S+S0aqxYJNi938unPBLcoTxdvnhSX+83C5mAi4ZaSOkuHxHWWE6nvqhS\nZEtn3HlEoxvHj9HH3n2TXgwjeAEZVS732VMP85HGP1oYg8fmArIJ9wheBC6/Un0w\np0CldqfUNkSV3yMyvzRYySp+mJ9YDVwRbSB8Pke1ONU1c15/4S8pAmvJDgPl9w3Y\n96Z5ewjz7rgsLjBhVVCKvVhFiv1n2xzKaHQLfIxKjQvSJEUyAVswpSgz821icJRt\nVMlYiXc/ifwmLr+nfQPcOvYslhU0Lbo9q52aJTJt5fh3mTFYHpLAO8+z53n9rIRn\nwwdL/WQxAvy6VL8t8EgBAoIBAQDFrEORQDT9jxew3hCPXyjd5po8XTSCQAo00aXi\npS8C3mwLzXAlgcipXwWAwyG8XYkkUEbBjWZlLm8LIeRw+CYol+MO3vKOXhEA7lwy\nezS2JyoxVFSis13wOX4EhLJApQPbG7VQk6BRDbrwyF6s6CftwgvXRBPtRuO4UrVJ\nE3qAfPkSC+OrPkTn5Ka9W/wyrxIiF9rVvKbU3dzN/yjnljjxSpDpHlI3NZMQgNRw\nmsS4woRje0k2u1dvf1mqFteeDLDANTVXT6N40eeQ6rO5Cxf23mkW46MV57vPvKI9\nQaq8eI6qWVSoqMO9K/WvsTE6ZUZg/mT11vPwMCCbwp/n7aiBAoIBAQDOIRnmhL3R\nWl/HKUKk3Cl9AHhkykiHvutT3jwfACeWUWEX2uW9IF26lnvyU8SRNyoWfajqqu+U\nuAum6IXZ/NmxHUdbSAN6zXInRFqeqGZlq6v9nOnOJqVaiGFhCSTi/hmQaDHKPzcj\nTU2FTy/qDte2ErVRBXlqkp6rI2LYR6VOr1gD0Vkh5YhUtsZwJU3+3VBl7HxAaajC\nvqqXOec1le9sQ+j4po7sdCShHMrXaxZXMpgqrFhQjuRpVyk/pNK5rN0VWl2K/QBw\nZ0qNJeGoqJh/Hxv3lgqNw0V0SUbumW7I+5mWPrDD8m4Y+45tjZw2ruvonvqqS5l6\nyDb751HIBHyhAoIBAQC82oDPQ+2cllpHA1IE+CBeKJQQueeRzUczAV0gNTq93eyS\nNhs/6kfg8USbqVIQ2bhNtlhzUPmUD5HNq/rJp3slaz9mFMDeHabXIeN541YP9UkN\nSgl2TDGicfsgq/p1YnJVoppOukv/REPnCTfSsBZ9w9d2ObdkCUdE8df7Uh3Gph98\nC1nfYCWK+1wGK9y+O57ybaIIdC1bz//F21KkN1R9ywS5g9t+nbO8n6jXUDZEYqsD\nNGVVYhT+FEiBBUPI30z6xZsJqK+AneJEBMfiMWQa2pDCaoeERRqdNRY3ugY5/GAp\nBiGo5Vvk3xviWEK1DM75mfKxIUV7oy90QLRvbBKBAoIBAQCCScnlOuIAAe+oIxxM\nuBxBNprimjleE/8K891setyK1sVYHrQ35s1XsuaFNQ15/DROIv8x1Pm6NtqmlTKF\nppyypp8Dw3DvngwZZcshna+bc/cyRoxCEYtSvgFPJEh8ccAW1sUh4PMpDSOCr5rJ\nhrgyDYEtxRgJlMNVyPghXKfQJGSthRWhp0OUyDKFkA7MmXbH9cJTtHVHIt0Q2Tib\nVjoPZJ1NDXopWwAMFfbgUn+8fe5Qir8HrEoTi1Q3Nic71Veot4WI5IHyildFADyy\nLl61eyRiSiRBlru/1NFQ3wp3XxClNtrj/8g3YkmUVX330niqgFJQcZiBUyvt7Th0\nBOIBAoIBADVR7MkTxwPkqs7iExDV2EqinpUhhL9OSWUEFYT/lTK5PFwFDQGDLfC4\nQkWrNrnrCO28wak6eTock06c7UuzQlxT8aFamdC8sD5yQglgTEOohcDogvnd2kIe\nQjrf2FUMGk1bNJzfu9Ts405s4a8pSTELIrtynsZbz+Ykb5nabZ2sRSgZihy6KYyK\nEdTrtfY+y2pM6dH9s3i6Ri8Dgfe5gXl7FhnWSJHhTyQ495HIE9KDpiIpvBCZFAmU\nNEMCbc3BXv612KACW+ZObHfaeI6wURg5qZdTox8TqHxyWamyLbhqpRW98MLB06FV\npXWy689D9Arzt0ssStcPYq2k/6Pi1x0=\n-----END PRIVATE KEY-----\n",
            "public_key_fingerprint_md5": "d1:b6:f9:94:b9:e0:dd:dd:fc:b4:a0:72:21:24:9a:1e",
            "public_key_fingerprint_sha256": "SHA256:xAPwPwsq9kwN1c4sy4/a5PM1MHGqvBv1xEAtIrXsl/g",
            "public_key_openssh": "ssh-rsa AAAAB3NzaC1yc2EAAAADAQABAAACAQCfKi2TaUEzTuPm7o3L23MinNRo33mQsYvmRDkhUPQZjgj03DSurWQHFv9jDYp8wUKx7r7bHa/GkIEagC2bdL4boeIhs32ta/sdNFYVdHzhmy180Qhu2CG7xLYjdwgQA90W0fXDaTa4IR3W/qwgudKrrDkCM6f1iGGYD352IKJPWOwJw8zck2c3Nt7qoep+M2F8l61urUyzTvZQtIZolGi/iQ66MWCSaOvhQhprK8klPwcl8KqwM/tfrhCdcZcihSm0/ueju35F0NsQIpR5PV4lTmpzx/DPtGb35IYTSmR7EGZgtu0c+GnCl5j1DDskeNwPG9JQMHc2Pmx6Oxrb8Ektp74DSFw0sWJb052BmkTq1vGMnC3jh8SoRF/M/+fSsqkTaLOi8yNWmnVZbzuPgeDrOyKYN6U5sMfapDv0/WZCv05t1/Fv0sb9lfre2EYQJXV9rcIqCAQnl4PoAcqyH4+31F7G2hGt+8jRRtIeIYIuZlG7CfLJKs2ucg0pOoj4BRz9RnWTq0KVGPk0NNHUPgqKbDUKhtHdqGy/UQel5hteq6VfcZocVv91FuB7CQiv7Vr6Ue/WQNt2PKJjrNIcMC755CkyfMy/of515VHcDv4ufcNv4/YfhIOeUOlasRGBS7nrZYTx1KSacJxCmRgeRARphJghIhGpFcMtpd4UZBl1IQ==\n",
            "public_key_pem": "-----BEGIN PUBLIC KEY-----\nMIICIjANBgkqhkiG9w0BAQEFAAOCAg8AMIICCgKCAgEAnyotk2lBM07j5u6Ny9tz\nIpzUaN95kLGL5kQ5IVD0GY4I9Nw0rq1kBxb/Yw2KfMFCse6+2x2vxpCBGoAtm3S+\nG6HiIbN9rWv7HTRWFXR84ZstfNEIbtghu8S2I3cIEAPdFtH1w2k2uCEd1v6sILnS\nq6w5AjOn9YhhmA9+diCiT1jsCcPM3JNnNzbe6qHqfjNhfJetbq1Ms072ULSGaJRo\nv4kOujFgkmjr4UIaayvJJT8HJfCqsDP7X64QnXGXIoUptP7no7t+RdDbECKUeT1e\nJU5qc8fwz7Rm9+SGE0pkexBmYLbtHPhpwpeY9Qw7JHjcDxvSUDB3Nj5sejsa2/BJ\nLae+A0hcNLFiW9OdgZpE6tbxjJwt44fEqERfzP/n0rKpE2izovMjVpp1WW87j4Hg\n6zsimDelObDH2qQ79P1mQr9Obdfxb9LG/ZX63thGECV1fa3CKggEJ5eD6AHKsh+P\nt9RextoRrfvI0UbSHiGCLmZRuwnyySrNrnINKTqI+AUc/UZ1k6tClRj5NDTR1D4K\nimw1CobR3ahsv1EHpeYbXqulX3GaHFb/dRbgewkIr+1a+lHv1kDbdjyiY6zSHDAu\n+eQpMnzMv6H+deVR3A7+Ln3Db+P2H4SDnlDpWrERgUu562WE8dSkmnCcQpkYHkQE\naYSYISIRqRXDLaXeFGQZdSECAwEAAQ==\n-----END PUBLIC KEY-----\n",
            "rsa_bits": 4096
          },
          "sensitive_attributes": [
            [
              {
                "type": "get_attr",
                "value": "private_key_openssh"
              }
            ],
            [
              {
                "type": "get_attr",
                "value": "private_key_pem"
              }
            ],
            [
              {
                "type": "get_attr",
                "value": "private_key_pem_pkcs8"
              }
            ]
          ],
          "identity_schema_version": 0
        }
      ]
    }
  ],
  "check_results": null
}
